// !$*UTF8*$!
{
	archiveVersion = 1;
	classes = {
	};
	objectVersion = 46;
	objects = {
/* Begin PBXBuildFile section */
		00C302E51ABCBA2D00DB3ED1 /* libRCTActionSheet.a in Frameworks */ = {isa = PBXBuildFile; fileRef = 00C302AC1ABCB8CE00DB3ED1 /* libRCTActionSheet.a */; };
		00C302E71ABCBA2D00DB3ED1 /* libRCTGeolocation.a in Frameworks */ = {isa = PBXBuildFile; fileRef = 00C302BA1ABCB90400DB3ED1 /* libRCTGeolocation.a */; };
		00C302E81ABCBA2D00DB3ED1 /* libRCTImage.a in Frameworks */ = {isa = PBXBuildFile; fileRef = 00C302C01ABCB91800DB3ED1 /* libRCTImage.a */; };
		00C302E91ABCBA2D00DB3ED1 /* libRCTNetwork.a in Frameworks */ = {isa = PBXBuildFile; fileRef = 00C302DC1ABCB9D200DB3ED1 /* libRCTNetwork.a */; };
		00C302EA1ABCBA2D00DB3ED1 /* libRCTVibration.a in Frameworks */ = {isa = PBXBuildFile; fileRef = 00C302E41ABCB9EE00DB3ED1 /* libRCTVibration.a */; };
		00E356F31AD99517003FC87E /* VocabTests.m in Sources */ = {isa = PBXBuildFile; fileRef = 00E356F21AD99517003FC87E /* VocabTests.m */; };
		133E29F31AD74F7200F7D852 /* libRCTLinking.a in Frameworks */ = {isa = PBXBuildFile; fileRef = 78C398B91ACF4ADC00677621 /* libRCTLinking.a */; };
		139105C61AF99C1200B5F7CC /* libRCTSettings.a in Frameworks */ = {isa = PBXBuildFile; fileRef = 139105C11AF99BAD00B5F7CC /* libRCTSettings.a */; };
		139FDEF61B0652A700C62182 /* libRCTWebSocket.a in Frameworks */ = {isa = PBXBuildFile; fileRef = 139FDEF41B06529B00C62182 /* libRCTWebSocket.a */; };
		13B07FBC1A68108700A75B9A /* AppDelegate.m in Sources */ = {isa = PBXBuildFile; fileRef = 13B07FB01A68108700A75B9A /* AppDelegate.m */; };
		13B07FBD1A68108700A75B9A /* LaunchScreen.xib in Resources */ = {isa = PBXBuildFile; fileRef = 13B07FB11A68108700A75B9A /* LaunchScreen.xib */; };
		13B07FBF1A68108700A75B9A /* Images.xcassets in Resources */ = {isa = PBXBuildFile; fileRef = 13B07FB51A68108700A75B9A /* Images.xcassets */; };
		13B07FC11A68108700A75B9A /* main.m in Sources */ = {isa = PBXBuildFile; fileRef = 13B07FB71A68108700A75B9A /* main.m */; };
		146834051AC3E58100842450 /* libReact.a in Frameworks */ = {isa = PBXBuildFile; fileRef = 146834041AC3E56700842450 /* libReact.a */; };
		5B38A87491A14003A5259DBC /* libRNAdMobManager.a in Frameworks */ = {isa = PBXBuildFile; fileRef = C0C6F84E66DE4233AD76FACA /* libRNAdMobManager.a */; };
		61E097461530481993DE46BD /* libSpeechSynthesizer.a in Frameworks */ = {isa = PBXBuildFile; fileRef = FB27B2497E504221BCE0A41D /* libSpeechSynthesizer.a */; };
		7048A5EE8CE04CCFBE54F68B /* EvilIcons.ttf in Resources */ = {isa = PBXBuildFile; fileRef = F037624A3FCF4323AFD92DA2 /* EvilIcons.ttf */; };
		76BC9D1D8C744E0EA438FB19 /* libRNSound.a in Frameworks */ = {isa = PBXBuildFile; fileRef = F682D656E4A345D0ADE39303 /* libRNSound.a */; };
		773E3B0DF61E43CC97AC011D /* Ionicons.ttf in Resources */ = {isa = PBXBuildFile; fileRef = 43BA0F920A0240AB902AF3A7 /* Ionicons.ttf */; };
		832341BD1AAA6AB300B99B32 /* libRCTText.a in Frameworks */ = {isa = PBXBuildFile; fileRef = 832341B51AAA6A8300B99B32 /* libRCTText.a */; };
		8FB78CB07B12417EBC84AEBA /* libRCTGoogleAnalyticsBridge.a in Frameworks */ = {isa = PBXBuildFile; fileRef = A0138969796C49099640A89C /* libRCTGoogleAnalyticsBridge.a */; };
		A7D1848DF0F8404B82EE02ED /* Foundation.ttf in Resources */ = {isa = PBXBuildFile; fileRef = 1C9BD1FAE9D749F5AF11E920 /* Foundation.ttf */; };
		AAE208411CF20AED001A0278 /* GoogleMobileAds.framework in Frameworks */ = {isa = PBXBuildFile; fileRef = AAE208401CF20AED001A0278 /* GoogleMobileAds.framework */; };
		AAE208641CF20FFB001A0278 /* CoreData.framework in Frameworks */ = {isa = PBXBuildFile; fileRef = AAE208631CF20FFB001A0278 /* CoreData.framework */; };
		AAE208661CF21008001A0278 /* SystemConfiguration.framework in Frameworks */ = {isa = PBXBuildFile; fileRef = AAE208651CF21008001A0278 /* SystemConfiguration.framework */; };
		AAE208681CF2101B001A0278 /* libz.tbd in Frameworks */ = {isa = PBXBuildFile; fileRef = AAE208671CF2101B001A0278 /* libz.tbd */; };
		AAE2086A1CF21028001A0278 /* libsqlite3.0.tbd in Frameworks */ = {isa = PBXBuildFile; fileRef = AAE208691CF21028001A0278 /* libsqlite3.0.tbd */; };
		AAE20A3F1CF23238001A0278 /* e131310.mp3 in Resources */ = {isa = PBXBuildFile; fileRef = AAE209F31CF23238001A0278 /* e131310.mp3 */; };
		AAE20A401CF23238001A0278 /* e131541.mp3 in Resources */ = {isa = PBXBuildFile; fileRef = AAE209F41CF23238001A0278 /* e131541.mp3 */; };
		AAE20A411CF23238001A0278 /* e131754.mp3 in Resources */ = {isa = PBXBuildFile; fileRef = AAE209F51CF23238001A0278 /* e131754.mp3 */; };
		AAE20A421CF23238001A0278 /* e131756.mp3 in Resources */ = {isa = PBXBuildFile; fileRef = AAE209F61CF23238001A0278 /* e131756.mp3 */; };
		AAE20A431CF23238001A0278 /* e131760.mp3 in Resources */ = {isa = PBXBuildFile; fileRef = AAE209F71CF23238001A0278 /* e131760.mp3 */; };
		AAE20A441CF23238001A0278 /* e131761.mp3 in Resources */ = {isa = PBXBuildFile; fileRef = AAE209F81CF23238001A0278 /* e131761.mp3 */; };
		AAE20A451CF23238001A0278 /* e131762.mp3 in Resources */ = {isa = PBXBuildFile; fileRef = AAE209F91CF23238001A0278 /* e131762.mp3 */; };
		AAE20A461CF23238001A0278 /* e131763.mp3 in Resources */ = {isa = PBXBuildFile; fileRef = AAE209FA1CF23238001A0278 /* e131763.mp3 */; };
		AAE20A471CF23238001A0278 /* e131764.mp3 in Resources */ = {isa = PBXBuildFile; fileRef = AAE209FB1CF23238001A0278 /* e131764.mp3 */; };
		AAE20A481CF23238001A0278 /* e131770.mp3 in Resources */ = {isa = PBXBuildFile; fileRef = AAE209FC1CF23238001A0278 /* e131770.mp3 */; };
		AAE20A491CF23238001A0278 /* e131772.mp3 in Resources */ = {isa = PBXBuildFile; fileRef = AAE209FD1CF23238001A0278 /* e131772.mp3 */; };
		AAE20A4A1CF23238001A0278 /* e131777.mp3 in Resources */ = {isa = PBXBuildFile; fileRef = AAE209FE1CF23238001A0278 /* e131777.mp3 */; };
		AAE20A4B1CF23238001A0278 /* e131783.mp3 in Resources */ = {isa = PBXBuildFile; fileRef = AAE209FF1CF23238001A0278 /* e131783.mp3 */; };
		AAE20A4C1CF23238001A0278 /* e131785.mp3 in Resources */ = {isa = PBXBuildFile; fileRef = AAE20A001CF23238001A0278 /* e131785.mp3 */; };
		AAE20A4D1CF23238001A0278 /* e131786.mp3 in Resources */ = {isa = PBXBuildFile; fileRef = AAE20A011CF23238001A0278 /* e131786.mp3 */; };
		AAE20A4E1CF23238001A0278 /* e131787.mp3 in Resources */ = {isa = PBXBuildFile; fileRef = AAE20A021CF23238001A0278 /* e131787.mp3 */; };
		AAE20A4F1CF23238001A0278 /* e131788.mp3 in Resources */ = {isa = PBXBuildFile; fileRef = AAE20A031CF23238001A0278 /* e131788.mp3 */; };
		AAE20A501CF23238001A0278 /* e131792.mp3 in Resources */ = {isa = PBXBuildFile; fileRef = AAE20A041CF23238001A0278 /* e131792.mp3 */; };
		AAE20A511CF23238001A0278 /* e131795.mp3 in Resources */ = {isa = PBXBuildFile; fileRef = AAE20A051CF23238001A0278 /* e131795.mp3 */; };
		AAE20A521CF23238001A0278 /* e131796.mp3 in Resources */ = {isa = PBXBuildFile; fileRef = AAE20A061CF23238001A0278 /* e131796.mp3 */; };
		AAE20A531CF23238001A0278 /* e131798.mp3 in Resources */ = {isa = PBXBuildFile; fileRef = AAE20A071CF23238001A0278 /* e131798.mp3 */; };
		AAE20A541CF23238001A0278 /* e131799.mp3 in Resources */ = {isa = PBXBuildFile; fileRef = AAE20A081CF23238001A0278 /* e131799.mp3 */; };
		AAE20A551CF23238001A0278 /* e131800.mp3 in Resources */ = {isa = PBXBuildFile; fileRef = AAE20A091CF23238001A0278 /* e131800.mp3 */; };
		AAE20A561CF23238001A0278 /* e131801.mp3 in Resources */ = {isa = PBXBuildFile; fileRef = AAE20A0A1CF23238001A0278 /* e131801.mp3 */; };
		AAE20A571CF23238001A0278 /* e131806.mp3 in Resources */ = {isa = PBXBuildFile; fileRef = AAE20A0B1CF23238001A0278 /* e131806.mp3 */; };
		AAE20A581CF23238001A0278 /* e131809.mp3 in Resources */ = {isa = PBXBuildFile; fileRef = AAE20A0C1CF23238001A0278 /* e131809.mp3 */; };
		AAE20A591CF23238001A0278 /* e131811.mp3 in Resources */ = {isa = PBXBuildFile; fileRef = AAE20A0D1CF23238001A0278 /* e131811.mp3 */; };
		AAE20A5A1CF23238001A0278 /* ep213010.mp3 in Resources */ = {isa = PBXBuildFile; fileRef = AAE20A0E1CF23238001A0278 /* ep213010.mp3 */; };
		AAE20A5B1CF23238001A0278 /* ep213026.mp3 in Resources */ = {isa = PBXBuildFile; fileRef = AAE20A0F1CF23238001A0278 /* ep213026.mp3 */; };
		AAE20A5C1CF23238001A0278 /* p212981.mp3 in Resources */ = {isa = PBXBuildFile; fileRef = AAE20A101CF23238001A0278 /* p212981.mp3 */; };
		AAE20A5D1CF23238001A0278 /* p212982.mp3 in Resources */ = {isa = PBXBuildFile; fileRef = AAE20A111CF23238001A0278 /* p212982.mp3 */; };
		AAE20A5E1CF23238001A0278 /* p212983.mp3 in Resources */ = {isa = PBXBuildFile; fileRef = AAE20A121CF23238001A0278 /* p212983.mp3 */; };
		AAE20A5F1CF23238001A0278 /* p212984.mp3 in Resources */ = {isa = PBXBuildFile; fileRef = AAE20A131CF23238001A0278 /* p212984.mp3 */; };
		AAE20A601CF23238001A0278 /* p212985.mp3 in Resources */ = {isa = PBXBuildFile; fileRef = AAE20A141CF23238001A0278 /* p212985.mp3 */; };
		AAE20A611CF23238001A0278 /* p212986.mp3 in Resources */ = {isa = PBXBuildFile; fileRef = AAE20A151CF23238001A0278 /* p212986.mp3 */; };
		AAE20A621CF23238001A0278 /* p212987.mp3 in Resources */ = {isa = PBXBuildFile; fileRef = AAE20A161CF23238001A0278 /* p212987.mp3 */; };
		AAE20A631CF23238001A0278 /* p212988.mp3 in Resources */ = {isa = PBXBuildFile; fileRef = AAE20A171CF23238001A0278 /* p212988.mp3 */; };
		AAE20A641CF23238001A0278 /* p212989.mp3 in Resources */ = {isa = PBXBuildFile; fileRef = AAE20A181CF23238001A0278 /* p212989.mp3 */; };
		AAE20A651CF23238001A0278 /* p212990.mp3 in Resources */ = {isa = PBXBuildFile; fileRef = AAE20A191CF23238001A0278 /* p212990.mp3 */; };
		AAE20A661CF23238001A0278 /* p212991.mp3 in Resources */ = {isa = PBXBuildFile; fileRef = AAE20A1A1CF23238001A0278 /* p212991.mp3 */; };
		AAE20A671CF23238001A0278 /* p212992.mp3 in Resources */ = {isa = PBXBuildFile; fileRef = AAE20A1B1CF23238001A0278 /* p212992.mp3 */; };
		AAE20A681CF23238001A0278 /* p212993.mp3 in Resources */ = {isa = PBXBuildFile; fileRef = AAE20A1C1CF23238001A0278 /* p212993.mp3 */; };
		AAE20A691CF23238001A0278 /* p212994.mp3 in Resources */ = {isa = PBXBuildFile; fileRef = AAE20A1D1CF23238001A0278 /* p212994.mp3 */; };
		AAE20A6A1CF23238001A0278 /* p212995.mp3 in Resources */ = {isa = PBXBuildFile; fileRef = AAE20A1E1CF23238001A0278 /* p212995.mp3 */; };
		AAE20A6B1CF23238001A0278 /* p212996.mp3 in Resources */ = {isa = PBXBuildFile; fileRef = AAE20A1F1CF23238001A0278 /* p212996.mp3 */; };
		AAE20A6C1CF23238001A0278 /* p212997.mp3 in Resources */ = {isa = PBXBuildFile; fileRef = AAE20A201CF23238001A0278 /* p212997.mp3 */; };
		AAE20A6D1CF23238001A0278 /* p212998.mp3 in Resources */ = {isa = PBXBuildFile; fileRef = AAE20A211CF23238001A0278 /* p212998.mp3 */; };
		AAE20A6E1CF23238001A0278 /* p212999.mp3 in Resources */ = {isa = PBXBuildFile; fileRef = AAE20A221CF23238001A0278 /* p212999.mp3 */; };
		AAE20A6F1CF23238001A0278 /* p213000.mp3 in Resources */ = {isa = PBXBuildFile; fileRef = AAE20A231CF23238001A0278 /* p213000.mp3 */; };
		AAE20A701CF23238001A0278 /* p213001.mp3 in Resources */ = {isa = PBXBuildFile; fileRef = AAE20A241CF23238001A0278 /* p213001.mp3 */; };
		AAE20A711CF23238001A0278 /* p213002.mp3 in Resources */ = {isa = PBXBuildFile; fileRef = AAE20A251CF23238001A0278 /* p213002.mp3 */; };
		AAE20A721CF23238001A0278 /* p213003.mp3 in Resources */ = {isa = PBXBuildFile; fileRef = AAE20A261CF23238001A0278 /* p213003.mp3 */; };
		AAE20A731CF23238001A0278 /* p213004.mp3 in Resources */ = {isa = PBXBuildFile; fileRef = AAE20A271CF23238001A0278 /* p213004.mp3 */; };
		AAE20A741CF23238001A0278 /* p213005.mp3 in Resources */ = {isa = PBXBuildFile; fileRef = AAE20A281CF23238001A0278 /* p213005.mp3 */; };
		AAE20A751CF23238001A0278 /* p213006.mp3 in Resources */ = {isa = PBXBuildFile; fileRef = AAE20A291CF23238001A0278 /* p213006.mp3 */; };
		AAE20A761CF23238001A0278 /* p213007.mp3 in Resources */ = {isa = PBXBuildFile; fileRef = AAE20A2A1CF23238001A0278 /* p213007.mp3 */; };
		AAE20A771CF23238001A0278 /* p213008.mp3 in Resources */ = {isa = PBXBuildFile; fileRef = AAE20A2B1CF23238001A0278 /* p213008.mp3 */; };
		AAE20A781CF23238001A0278 /* p213009.mp3 in Resources */ = {isa = PBXBuildFile; fileRef = AAE20A2C1CF23238001A0278 /* p213009.mp3 */; };
		AAE20A791CF23238001A0278 /* P213010.mp3 in Resources */ = {isa = PBXBuildFile; fileRef = AAE20A2D1CF23238001A0278 /* P213010.mp3 */; };
		AAE20A7A1CF23238001A0278 /* p213011.mp3 in Resources */ = {isa = PBXBuildFile; fileRef = AAE20A2E1CF23238001A0278 /* p213011.mp3 */; };
		AAE20A7B1CF23238001A0278 /* p213012.mp3 in Resources */ = {isa = PBXBuildFile; fileRef = AAE20A2F1CF23238001A0278 /* p213012.mp3 */; };
		AAE20A7C1CF23238001A0278 /* p213013.mp3 in Resources */ = {isa = PBXBuildFile; fileRef = AAE20A301CF23238001A0278 /* p213013.mp3 */; };
		AAE20A7D1CF23238001A0278 /* p213014.mp3 in Resources */ = {isa = PBXBuildFile; fileRef = AAE20A311CF23238001A0278 /* p213014.mp3 */; };
		AAE20A7E1CF23238001A0278 /* p213015.mp3 in Resources */ = {isa = PBXBuildFile; fileRef = AAE20A321CF23238001A0278 /* p213015.mp3 */; };
		AAE20A7F1CF23238001A0278 /* p213016.mp3 in Resources */ = {isa = PBXBuildFile; fileRef = AAE20A331CF23238001A0278 /* p213016.mp3 */; };
		AAE20A801CF23238001A0278 /* p213017.mp3 in Resources */ = {isa = PBXBuildFile; fileRef = AAE20A341CF23238001A0278 /* p213017.mp3 */; };
		AAE20A811CF23238001A0278 /* p213018.mp3 in Resources */ = {isa = PBXBuildFile; fileRef = AAE20A351CF23238001A0278 /* p213018.mp3 */; };
		AAE20A821CF23238001A0278 /* p213019.mp3 in Resources */ = {isa = PBXBuildFile; fileRef = AAE20A361CF23238001A0278 /* p213019.mp3 */; };
		AAE20A831CF23238001A0278 /* p213020.mp3 in Resources */ = {isa = PBXBuildFile; fileRef = AAE20A371CF23238001A0278 /* p213020.mp3 */; };
		AAE20A841CF23238001A0278 /* p213021.mp3 in Resources */ = {isa = PBXBuildFile; fileRef = AAE20A381CF23238001A0278 /* p213021.mp3 */; };
		AAE20A851CF23238001A0278 /* p213022.mp3 in Resources */ = {isa = PBXBuildFile; fileRef = AAE20A391CF23238001A0278 /* p213022.mp3 */; };
		AAE20A861CF23238001A0278 /* p213023.mp3 in Resources */ = {isa = PBXBuildFile; fileRef = AAE20A3A1CF23238001A0278 /* p213023.mp3 */; };
		AAE20A871CF23238001A0278 /* p213024.mp3 in Resources */ = {isa = PBXBuildFile; fileRef = AAE20A3B1CF23238001A0278 /* p213024.mp3 */; };
		AAE20A881CF23238001A0278 /* p213025.mp3 in Resources */ = {isa = PBXBuildFile; fileRef = AAE20A3C1CF23238001A0278 /* p213025.mp3 */; };
		AAE20A891CF23238001A0278 /* P213026.mp3 in Resources */ = {isa = PBXBuildFile; fileRef = AAE20A3D1CF23238001A0278 /* P213026.mp3 */; };
		AAE20A8A1CF23238001A0278 /* p213028.mp3 in Resources */ = {isa = PBXBuildFile; fileRef = AAE20A3E1CF23238001A0278 /* p213028.mp3 */; };
		AAE20A8E1CF2F755001A0278 /* ep196801.mp3 in Resources */ = {isa = PBXBuildFile; fileRef = AAE20A8D1CF2F755001A0278 /* ep196801.mp3 */; };
		ACC8C5A229164ECDBD5E47A3 /* FontAwesome.ttf in Resources */ = {isa = PBXBuildFile; fileRef = 1FD36B549F8E47D5BF939CA9 /* FontAwesome.ttf */; };
		AD1C696010CB4269BADD3BF1 /* Octicons.ttf in Resources */ = {isa = PBXBuildFile; fileRef = B5DA25FE80B2472D9CCDE5ED /* Octicons.ttf */; };
		B30E146B3C6A4A30A7C57E2F /* Entypo.ttf in Resources */ = {isa = PBXBuildFile; fileRef = B565A6833A504340BE41A95D /* Entypo.ttf */; };
		C19310EBAFCB4600B84F2A80 /* MaterialIcons.ttf in Resources */ = {isa = PBXBuildFile; fileRef = 776E45F81CAE4A55BA56A290 /* MaterialIcons.ttf */; };
		D0B77735BD824C9AB4889DCD /* libRNVectorIcons.a in Frameworks */ = {isa = PBXBuildFile; fileRef = B01FE2B41C9048F28ECCD37E /* libRNVectorIcons.a */; };
		EDB5455150454B05BEDDBBF2 /* Zocial.ttf in Resources */ = {isa = PBXBuildFile; fileRef = A401FE531998469B9ADC8D2D /* Zocial.ttf */; };
		F1AEB5717F0B4B5AB350D746 /* libRNShare.a in Frameworks */ = {isa = PBXBuildFile; fileRef = 3B56AB2C0CAB40898FB5E12E /* libRNShare.a */; };
/* End PBXBuildFile section */

/* Begin PBXContainerItemProxy section */
		00C302AB1ABCB8CE00DB3ED1 /* PBXContainerItemProxy */ = {
			isa = PBXContainerItemProxy;
			containerPortal = 00C302A71ABCB8CE00DB3ED1 /* RCTActionSheet.xcodeproj */;
			proxyType = 2;
			remoteGlobalIDString = 134814201AA4EA6300B7C361;
			remoteInfo = RCTActionSheet;
		};
		00C302B91ABCB90400DB3ED1 /* PBXContainerItemProxy */ = {
			isa = PBXContainerItemProxy;
			containerPortal = 00C302B51ABCB90400DB3ED1 /* RCTGeolocation.xcodeproj */;
			proxyType = 2;
			remoteGlobalIDString = 134814201AA4EA6300B7C361;
			remoteInfo = RCTGeolocation;
		};
		00C302BF1ABCB91800DB3ED1 /* PBXContainerItemProxy */ = {
			isa = PBXContainerItemProxy;
			containerPortal = 00C302BB1ABCB91800DB3ED1 /* RCTImage.xcodeproj */;
			proxyType = 2;
			remoteGlobalIDString = 58B5115D1A9E6B3D00147676;
			remoteInfo = RCTImage;
		};
		00C302DB1ABCB9D200DB3ED1 /* PBXContainerItemProxy */ = {
			isa = PBXContainerItemProxy;
			containerPortal = 00C302D31ABCB9D200DB3ED1 /* RCTNetwork.xcodeproj */;
			proxyType = 2;
			remoteGlobalIDString = 58B511DB1A9E6C8500147676;
			remoteInfo = RCTNetwork;
		};
		00C302E31ABCB9EE00DB3ED1 /* PBXContainerItemProxy */ = {
			isa = PBXContainerItemProxy;
			containerPortal = 00C302DF1ABCB9EE00DB3ED1 /* RCTVibration.xcodeproj */;
			proxyType = 2;
			remoteGlobalIDString = 832C81801AAF6DEF007FA2F7;
			remoteInfo = RCTVibration;
		};
		00E356F41AD99517003FC87E /* PBXContainerItemProxy */ = {
			isa = PBXContainerItemProxy;
			containerPortal = 83CBB9F71A601CBA00E9B192 /* Project object */;
			proxyType = 1;
			remoteGlobalIDString = 13B07F861A680F5B00A75B9A;
			remoteInfo = Vocab;
		};
		139105C01AF99BAD00B5F7CC /* PBXContainerItemProxy */ = {
			isa = PBXContainerItemProxy;
			containerPortal = 139105B61AF99BAD00B5F7CC /* RCTSettings.xcodeproj */;
			proxyType = 2;
			remoteGlobalIDString = 134814201AA4EA6300B7C361;
			remoteInfo = RCTSettings;
		};
		139FDEF31B06529B00C62182 /* PBXContainerItemProxy */ = {
			isa = PBXContainerItemProxy;
			containerPortal = 139FDEE61B06529A00C62182 /* RCTWebSocket.xcodeproj */;
			proxyType = 2;
			remoteGlobalIDString = 3C86DF461ADF2C930047B81A;
			remoteInfo = RCTWebSocket;
		};
		146834031AC3E56700842450 /* PBXContainerItemProxy */ = {
			isa = PBXContainerItemProxy;
			containerPortal = 146833FF1AC3E56700842450 /* React.xcodeproj */;
			proxyType = 2;
			remoteGlobalIDString = 83CBBA2E1A601D0E00E9B192;
			remoteInfo = React;
		};
		78C398B81ACF4ADC00677621 /* PBXContainerItemProxy */ = {
			isa = PBXContainerItemProxy;
			containerPortal = 78C398B01ACF4ADC00677621 /* RCTLinking.xcodeproj */;
			proxyType = 2;
			remoteGlobalIDString = 134814201AA4EA6300B7C361;
			remoteInfo = RCTLinking;
		};
		832341B41AAA6A8300B99B32 /* PBXContainerItemProxy */ = {
			isa = PBXContainerItemProxy;
			containerPortal = 832341B01AAA6A8300B99B32 /* RCTText.xcodeproj */;
			proxyType = 2;
			remoteGlobalIDString = 58B5119B1A9E6C1200147676;
			remoteInfo = RCTText;
		};
		AA7E42B31CF8C1BF0012D3AA /* PBXContainerItemProxy */ = {
			isa = PBXContainerItemProxy;
			containerPortal = A3EDE61A05934E8D998C8D90 /* SpeechSynthesizer.xcodeproj */;
			proxyType = 2;
			remoteGlobalIDString = 134814201AA4EA6300B7C361;
			remoteInfo = SpeechSynthesizer;
		};
		AAE207531CF1F74F001A0278 /* PBXContainerItemProxy */ = {
			isa = PBXContainerItemProxy;
			containerPortal = D2E481F5E720487EA91D28D3 /* RNSound.xcodeproj */;
			proxyType = 2;
			remoteGlobalIDString = 19825A1E1BD4A89800EE0337;
			remoteInfo = RNSound;
		};
		AAE207581CF1F74F001A0278 /* PBXContainerItemProxy */ = {
			isa = PBXContainerItemProxy;
			containerPortal = FFB7CEC3C73044A5BAAB8AF6 /* RNShare.xcodeproj */;
			proxyType = 2;
			remoteGlobalIDString = 134814201AA4EA6300B7C361;
			remoteInfo = RNShare;
		};
		AAE2075D1CF1F74F001A0278 /* PBXContainerItemProxy */ = {
			isa = PBXContainerItemProxy;
			containerPortal = 353BF1EECFA342008D92847F /* RNVectorIcons.xcodeproj */;
			proxyType = 2;
			remoteGlobalIDString = 5DBEB1501B18CEA900B34395;
			remoteInfo = RNVectorIcons;
		};
		AAE208391CF20A79001A0278 /* PBXContainerItemProxy */ = {
			isa = PBXContainerItemProxy;
			containerPortal = 739EE32A298A442E9EA2E60E /* RNAdMobManager.xcodeproj */;
			proxyType = 2;
			remoteGlobalIDString = A96DA7741C146D7200FC639B;
			remoteInfo = RNAdMobManager;
		};
		AAE208551CF20FE0001A0278 /* PBXContainerItemProxy */ = {
			isa = PBXContainerItemProxy;
			containerPortal = 1861AFE9D9F54AEDA92F3759 /* RCTGoogleAnalyticsBridge.xcodeproj */;
			proxyType = 2;
			remoteGlobalIDString = A79185C61C30694E001236A6;
			remoteInfo = RCTGoogleAnalyticsBridge;
		};
/* End PBXContainerItemProxy section */

/* Begin PBXFileReference section */
		008F07F21AC5B25A0029DE68 /* main.jsbundle */ = {isa = PBXFileReference; fileEncoding = 4; lastKnownFileType = text; path = main.jsbundle; sourceTree = "<group>"; };
		00C302A71ABCB8CE00DB3ED1 /* RCTActionSheet.xcodeproj */ = {isa = PBXFileReference; lastKnownFileType = "wrapper.pb-project"; name = RCTActionSheet.xcodeproj; path = "../node_modules/react-native/Libraries/ActionSheetIOS/RCTActionSheet.xcodeproj"; sourceTree = "<group>"; };
		00C302B51ABCB90400DB3ED1 /* RCTGeolocation.xcodeproj */ = {isa = PBXFileReference; lastKnownFileType = "wrapper.pb-project"; name = RCTGeolocation.xcodeproj; path = "../node_modules/react-native/Libraries/Geolocation/RCTGeolocation.xcodeproj"; sourceTree = "<group>"; };
		00C302BB1ABCB91800DB3ED1 /* RCTImage.xcodeproj */ = {isa = PBXFileReference; lastKnownFileType = "wrapper.pb-project"; name = RCTImage.xcodeproj; path = "../node_modules/react-native/Libraries/Image/RCTImage.xcodeproj"; sourceTree = "<group>"; };
		00C302D31ABCB9D200DB3ED1 /* RCTNetwork.xcodeproj */ = {isa = PBXFileReference; lastKnownFileType = "wrapper.pb-project"; name = RCTNetwork.xcodeproj; path = "../node_modules/react-native/Libraries/Network/RCTNetwork.xcodeproj"; sourceTree = "<group>"; };
		00C302DF1ABCB9EE00DB3ED1 /* RCTVibration.xcodeproj */ = {isa = PBXFileReference; lastKnownFileType = "wrapper.pb-project"; name = RCTVibration.xcodeproj; path = "../node_modules/react-native/Libraries/Vibration/RCTVibration.xcodeproj"; sourceTree = "<group>"; };
		00E356EE1AD99517003FC87E /* VocabTests.xctest */ = {isa = PBXFileReference; explicitFileType = wrapper.cfbundle; includeInIndex = 0; path = VocabTests.xctest; sourceTree = BUILT_PRODUCTS_DIR; };
		00E356F11AD99517003FC87E /* Info.plist */ = {isa = PBXFileReference; lastKnownFileType = text.plist.xml; path = Info.plist; sourceTree = "<group>"; };
		00E356F21AD99517003FC87E /* VocabTests.m */ = {isa = PBXFileReference; lastKnownFileType = sourcecode.c.objc; path = VocabTests.m; sourceTree = "<group>"; };
		139105B61AF99BAD00B5F7CC /* RCTSettings.xcodeproj */ = {isa = PBXFileReference; lastKnownFileType = "wrapper.pb-project"; name = RCTSettings.xcodeproj; path = "../node_modules/react-native/Libraries/Settings/RCTSettings.xcodeproj"; sourceTree = "<group>"; };
		139FDEE61B06529A00C62182 /* RCTWebSocket.xcodeproj */ = {isa = PBXFileReference; lastKnownFileType = "wrapper.pb-project"; name = RCTWebSocket.xcodeproj; path = "../node_modules/react-native/Libraries/WebSocket/RCTWebSocket.xcodeproj"; sourceTree = "<group>"; };
		13B07F961A680F5B00A75B9A /* Vocab.app */ = {isa = PBXFileReference; explicitFileType = wrapper.application; includeInIndex = 0; path = Vocab.app; sourceTree = BUILT_PRODUCTS_DIR; };
		13B07FAF1A68108700A75B9A /* AppDelegate.h */ = {isa = PBXFileReference; fileEncoding = 4; lastKnownFileType = sourcecode.c.h; name = AppDelegate.h; path = Vocab/AppDelegate.h; sourceTree = "<group>"; };
		13B07FB01A68108700A75B9A /* AppDelegate.m */ = {isa = PBXFileReference; fileEncoding = 4; lastKnownFileType = sourcecode.c.objc; name = AppDelegate.m; path = Vocab/AppDelegate.m; sourceTree = "<group>"; };
		13B07FB21A68108700A75B9A /* Base */ = {isa = PBXFileReference; lastKnownFileType = file.xib; name = Base; path = Base.lproj/LaunchScreen.xib; sourceTree = "<group>"; };
		13B07FB51A68108700A75B9A /* Images.xcassets */ = {isa = PBXFileReference; lastKnownFileType = folder.assetcatalog; name = Images.xcassets; path = Vocab/Images.xcassets; sourceTree = "<group>"; };
		13B07FB61A68108700A75B9A /* Info.plist */ = {isa = PBXFileReference; fileEncoding = 4; lastKnownFileType = text.plist.xml; name = Info.plist; path = Vocab/Info.plist; sourceTree = "<group>"; };
		13B07FB71A68108700A75B9A /* main.m */ = {isa = PBXFileReference; fileEncoding = 4; lastKnownFileType = sourcecode.c.objc; name = main.m; path = Vocab/main.m; sourceTree = "<group>"; };
		146833FF1AC3E56700842450 /* React.xcodeproj */ = {isa = PBXFileReference; lastKnownFileType = "wrapper.pb-project"; name = React.xcodeproj; path = "../node_modules/react-native/React/React.xcodeproj"; sourceTree = "<group>"; };
		1861AFE9D9F54AEDA92F3759 /* RCTGoogleAnalyticsBridge.xcodeproj */ = {isa = PBXFileReference; explicitFileType = undefined; fileEncoding = 9; includeInIndex = 0; lastKnownFileType = "wrapper.pb-project"; name = RCTGoogleAnalyticsBridge.xcodeproj; path = "../node_modules/react-native-google-analytics-bridge/ios/RCTGoogleAnalyticsBridge/RCTGoogleAnalyticsBridge.xcodeproj"; sourceTree = "<group>"; };
		1C9BD1FAE9D749F5AF11E920 /* Foundation.ttf */ = {isa = PBXFileReference; explicitFileType = undefined; fileEncoding = 9; includeInIndex = 0; lastKnownFileType = unknown; name = Foundation.ttf; path = "../node_modules/react-native-vector-icons/Fonts/Foundation.ttf"; sourceTree = "<group>"; };
		1FD36B549F8E47D5BF939CA9 /* FontAwesome.ttf */ = {isa = PBXFileReference; explicitFileType = undefined; fileEncoding = 9; includeInIndex = 0; lastKnownFileType = unknown; name = FontAwesome.ttf; path = "../node_modules/react-native-vector-icons/Fonts/FontAwesome.ttf"; sourceTree = "<group>"; };
		353BF1EECFA342008D92847F /* RNVectorIcons.xcodeproj */ = {isa = PBXFileReference; explicitFileType = undefined; fileEncoding = 9; includeInIndex = 0; lastKnownFileType = "wrapper.pb-project"; name = RNVectorIcons.xcodeproj; path = "../node_modules/react-native-vector-icons/RNVectorIcons.xcodeproj"; sourceTree = "<group>"; };
		3B56AB2C0CAB40898FB5E12E /* libRNShare.a */ = {isa = PBXFileReference; explicitFileType = undefined; fileEncoding = 9; includeInIndex = 0; lastKnownFileType = archive.ar; path = libRNShare.a; sourceTree = "<group>"; };
		43BA0F920A0240AB902AF3A7 /* Ionicons.ttf */ = {isa = PBXFileReference; explicitFileType = undefined; fileEncoding = 9; includeInIndex = 0; lastKnownFileType = unknown; name = Ionicons.ttf; path = "../node_modules/react-native-vector-icons/Fonts/Ionicons.ttf"; sourceTree = "<group>"; };
		739EE32A298A442E9EA2E60E /* RNAdMobManager.xcodeproj */ = {isa = PBXFileReference; explicitFileType = undefined; fileEncoding = 9; includeInIndex = 0; lastKnownFileType = "wrapper.pb-project"; name = RNAdMobManager.xcodeproj; path = "../node_modules/react-native-admob/ios/RNAdMobManager.xcodeproj"; sourceTree = "<group>"; };
		776E45F81CAE4A55BA56A290 /* MaterialIcons.ttf */ = {isa = PBXFileReference; explicitFileType = undefined; fileEncoding = 9; includeInIndex = 0; lastKnownFileType = unknown; name = MaterialIcons.ttf; path = "../node_modules/react-native-vector-icons/Fonts/MaterialIcons.ttf"; sourceTree = "<group>"; };
		78C398B01ACF4ADC00677621 /* RCTLinking.xcodeproj */ = {isa = PBXFileReference; lastKnownFileType = "wrapper.pb-project"; name = RCTLinking.xcodeproj; path = "../node_modules/react-native/Libraries/LinkingIOS/RCTLinking.xcodeproj"; sourceTree = "<group>"; };
		832341B01AAA6A8300B99B32 /* RCTText.xcodeproj */ = {isa = PBXFileReference; lastKnownFileType = "wrapper.pb-project"; name = RCTText.xcodeproj; path = "../node_modules/react-native/Libraries/Text/RCTText.xcodeproj"; sourceTree = "<group>"; };
		A0138969796C49099640A89C /* libRCTGoogleAnalyticsBridge.a */ = {isa = PBXFileReference; explicitFileType = undefined; fileEncoding = 9; includeInIndex = 0; lastKnownFileType = archive.ar; path = libRCTGoogleAnalyticsBridge.a; sourceTree = "<group>"; };
		A3EDE61A05934E8D998C8D90 /* SpeechSynthesizer.xcodeproj */ = {isa = PBXFileReference; explicitFileType = undefined; fileEncoding = 9; includeInIndex = 0; lastKnownFileType = "wrapper.pb-project"; name = SpeechSynthesizer.xcodeproj; path = "../node_modules/react-native-speech/SpeechSynthesizer.xcodeproj"; sourceTree = "<group>"; };
		A401FE531998469B9ADC8D2D /* Zocial.ttf */ = {isa = PBXFileReference; explicitFileType = undefined; fileEncoding = 9; includeInIndex = 0; lastKnownFileType = unknown; name = Zocial.ttf; path = "../node_modules/react-native-vector-icons/Fonts/Zocial.ttf"; sourceTree = "<group>"; };
		AAE208401CF20AED001A0278 /* GoogleMobileAds.framework */ = {isa = PBXFileReference; lastKnownFileType = wrapper.framework; path = GoogleMobileAds.framework; sourceTree = "<group>"; };
		AAE208631CF20FFB001A0278 /* CoreData.framework */ = {isa = PBXFileReference; lastKnownFileType = wrapper.framework; name = CoreData.framework; path = System/Library/Frameworks/CoreData.framework; sourceTree = SDKROOT; };
		AAE208651CF21008001A0278 /* SystemConfiguration.framework */ = {isa = PBXFileReference; lastKnownFileType = wrapper.framework; name = SystemConfiguration.framework; path = System/Library/Frameworks/SystemConfiguration.framework; sourceTree = SDKROOT; };
		AAE208671CF2101B001A0278 /* libz.tbd */ = {isa = PBXFileReference; lastKnownFileType = "sourcecode.text-based-dylib-definition"; name = libz.tbd; path = usr/lib/libz.tbd; sourceTree = SDKROOT; };
		AAE208691CF21028001A0278 /* libsqlite3.0.tbd */ = {isa = PBXFileReference; lastKnownFileType = "sourcecode.text-based-dylib-definition"; name = libsqlite3.0.tbd; path = usr/lib/libsqlite3.0.tbd; sourceTree = SDKROOT; };
		AAE209F31CF23238001A0278 /* e131310.mp3 */ = {isa = PBXFileReference; lastKnownFileType = audio.mp3; path = e131310.mp3; sourceTree = "<group>"; };
		AAE209F41CF23238001A0278 /* e131541.mp3 */ = {isa = PBXFileReference; lastKnownFileType = audio.mp3; path = e131541.mp3; sourceTree = "<group>"; };
		AAE209F51CF23238001A0278 /* e131754.mp3 */ = {isa = PBXFileReference; lastKnownFileType = audio.mp3; path = e131754.mp3; sourceTree = "<group>"; };
		AAE209F61CF23238001A0278 /* e131756.mp3 */ = {isa = PBXFileReference; lastKnownFileType = audio.mp3; path = e131756.mp3; sourceTree = "<group>"; };
		AAE209F71CF23238001A0278 /* e131760.mp3 */ = {isa = PBXFileReference; lastKnownFileType = audio.mp3; path = e131760.mp3; sourceTree = "<group>"; };
		AAE209F81CF23238001A0278 /* e131761.mp3 */ = {isa = PBXFileReference; lastKnownFileType = audio.mp3; path = e131761.mp3; sourceTree = "<group>"; };
		AAE209F91CF23238001A0278 /* e131762.mp3 */ = {isa = PBXFileReference; lastKnownFileType = audio.mp3; path = e131762.mp3; sourceTree = "<group>"; };
		AAE209FA1CF23238001A0278 /* e131763.mp3 */ = {isa = PBXFileReference; lastKnownFileType = audio.mp3; path = e131763.mp3; sourceTree = "<group>"; };
		AAE209FB1CF23238001A0278 /* e131764.mp3 */ = {isa = PBXFileReference; lastKnownFileType = audio.mp3; path = e131764.mp3; sourceTree = "<group>"; };
		AAE209FC1CF23238001A0278 /* e131770.mp3 */ = {isa = PBXFileReference; lastKnownFileType = audio.mp3; path = e131770.mp3; sourceTree = "<group>"; };
		AAE209FD1CF23238001A0278 /* e131772.mp3 */ = {isa = PBXFileReference; lastKnownFileType = audio.mp3; path = e131772.mp3; sourceTree = "<group>"; };
		AAE209FE1CF23238001A0278 /* e131777.mp3 */ = {isa = PBXFileReference; lastKnownFileType = audio.mp3; path = e131777.mp3; sourceTree = "<group>"; };
		AAE209FF1CF23238001A0278 /* e131783.mp3 */ = {isa = PBXFileReference; lastKnownFileType = audio.mp3; path = e131783.mp3; sourceTree = "<group>"; };
		AAE20A001CF23238001A0278 /* e131785.mp3 */ = {isa = PBXFileReference; lastKnownFileType = audio.mp3; path = e131785.mp3; sourceTree = "<group>"; };
		AAE20A011CF23238001A0278 /* e131786.mp3 */ = {isa = PBXFileReference; lastKnownFileType = audio.mp3; path = e131786.mp3; sourceTree = "<group>"; };
		AAE20A021CF23238001A0278 /* e131787.mp3 */ = {isa = PBXFileReference; lastKnownFileType = audio.mp3; path = e131787.mp3; sourceTree = "<group>"; };
		AAE20A031CF23238001A0278 /* e131788.mp3 */ = {isa = PBXFileReference; lastKnownFileType = audio.mp3; path = e131788.mp3; sourceTree = "<group>"; };
		AAE20A041CF23238001A0278 /* e131792.mp3 */ = {isa = PBXFileReference; lastKnownFileType = audio.mp3; path = e131792.mp3; sourceTree = "<group>"; };
		AAE20A051CF23238001A0278 /* e131795.mp3 */ = {isa = PBXFileReference; lastKnownFileType = audio.mp3; path = e131795.mp3; sourceTree = "<group>"; };
		AAE20A061CF23238001A0278 /* e131796.mp3 */ = {isa = PBXFileReference; lastKnownFileType = audio.mp3; path = e131796.mp3; sourceTree = "<group>"; };
		AAE20A071CF23238001A0278 /* e131798.mp3 */ = {isa = PBXFileReference; lastKnownFileType = audio.mp3; path = e131798.mp3; sourceTree = "<group>"; };
		AAE20A081CF23238001A0278 /* e131799.mp3 */ = {isa = PBXFileReference; lastKnownFileType = audio.mp3; path = e131799.mp3; sourceTree = "<group>"; };
		AAE20A091CF23238001A0278 /* e131800.mp3 */ = {isa = PBXFileReference; lastKnownFileType = audio.mp3; path = e131800.mp3; sourceTree = "<group>"; };
		AAE20A0A1CF23238001A0278 /* e131801.mp3 */ = {isa = PBXFileReference; lastKnownFileType = audio.mp3; path = e131801.mp3; sourceTree = "<group>"; };
		AAE20A0B1CF23238001A0278 /* e131806.mp3 */ = {isa = PBXFileReference; lastKnownFileType = audio.mp3; path = e131806.mp3; sourceTree = "<group>"; };
		AAE20A0C1CF23238001A0278 /* e131809.mp3 */ = {isa = PBXFileReference; lastKnownFileType = audio.mp3; path = e131809.mp3; sourceTree = "<group>"; };
		AAE20A0D1CF23238001A0278 /* e131811.mp3 */ = {isa = PBXFileReference; lastKnownFileType = audio.mp3; path = e131811.mp3; sourceTree = "<group>"; };
		AAE20A0E1CF23238001A0278 /* ep213010.mp3 */ = {isa = PBXFileReference; lastKnownFileType = audio.mp3; path = ep213010.mp3; sourceTree = "<group>"; };
		AAE20A0F1CF23238001A0278 /* ep213026.mp3 */ = {isa = PBXFileReference; lastKnownFileType = audio.mp3; path = ep213026.mp3; sourceTree = "<group>"; };
		AAE20A101CF23238001A0278 /* p212981.mp3 */ = {isa = PBXFileReference; lastKnownFileType = audio.mp3; path = p212981.mp3; sourceTree = "<group>"; };
		AAE20A111CF23238001A0278 /* p212982.mp3 */ = {isa = PBXFileReference; lastKnownFileType = audio.mp3; path = p212982.mp3; sourceTree = "<group>"; };
		AAE20A121CF23238001A0278 /* p212983.mp3 */ = {isa = PBXFileReference; lastKnownFileType = audio.mp3; path = p212983.mp3; sourceTree = "<group>"; };
		AAE20A131CF23238001A0278 /* p212984.mp3 */ = {isa = PBXFileReference; lastKnownFileType = audio.mp3; path = p212984.mp3; sourceTree = "<group>"; };
		AAE20A141CF23238001A0278 /* p212985.mp3 */ = {isa = PBXFileReference; lastKnownFileType = audio.mp3; path = p212985.mp3; sourceTree = "<group>"; };
		AAE20A151CF23238001A0278 /* p212986.mp3 */ = {isa = PBXFileReference; lastKnownFileType = audio.mp3; path = p212986.mp3; sourceTree = "<group>"; };
		AAE20A161CF23238001A0278 /* p212987.mp3 */ = {isa = PBXFileReference; lastKnownFileType = audio.mp3; path = p212987.mp3; sourceTree = "<group>"; };
		AAE20A171CF23238001A0278 /* p212988.mp3 */ = {isa = PBXFileReference; lastKnownFileType = audio.mp3; path = p212988.mp3; sourceTree = "<group>"; };
		AAE20A181CF23238001A0278 /* p212989.mp3 */ = {isa = PBXFileReference; lastKnownFileType = audio.mp3; path = p212989.mp3; sourceTree = "<group>"; };
		AAE20A191CF23238001A0278 /* p212990.mp3 */ = {isa = PBXFileReference; lastKnownFileType = audio.mp3; path = p212990.mp3; sourceTree = "<group>"; };
		AAE20A1A1CF23238001A0278 /* p212991.mp3 */ = {isa = PBXFileReference; lastKnownFileType = audio.mp3; path = p212991.mp3; sourceTree = "<group>"; };
		AAE20A1B1CF23238001A0278 /* p212992.mp3 */ = {isa = PBXFileReference; lastKnownFileType = audio.mp3; path = p212992.mp3; sourceTree = "<group>"; };
		AAE20A1C1CF23238001A0278 /* p212993.mp3 */ = {isa = PBXFileReference; lastKnownFileType = audio.mp3; path = p212993.mp3; sourceTree = "<group>"; };
		AAE20A1D1CF23238001A0278 /* p212994.mp3 */ = {isa = PBXFileReference; lastKnownFileType = audio.mp3; path = p212994.mp3; sourceTree = "<group>"; };
		AAE20A1E1CF23238001A0278 /* p212995.mp3 */ = {isa = PBXFileReference; lastKnownFileType = audio.mp3; path = p212995.mp3; sourceTree = "<group>"; };
		AAE20A1F1CF23238001A0278 /* p212996.mp3 */ = {isa = PBXFileReference; lastKnownFileType = audio.mp3; path = p212996.mp3; sourceTree = "<group>"; };
		AAE20A201CF23238001A0278 /* p212997.mp3 */ = {isa = PBXFileReference; lastKnownFileType = audio.mp3; path = p212997.mp3; sourceTree = "<group>"; };
		AAE20A211CF23238001A0278 /* p212998.mp3 */ = {isa = PBXFileReference; lastKnownFileType = audio.mp3; path = p212998.mp3; sourceTree = "<group>"; };
		AAE20A221CF23238001A0278 /* p212999.mp3 */ = {isa = PBXFileReference; lastKnownFileType = audio.mp3; path = p212999.mp3; sourceTree = "<group>"; };
		AAE20A231CF23238001A0278 /* p213000.mp3 */ = {isa = PBXFileReference; lastKnownFileType = audio.mp3; path = p213000.mp3; sourceTree = "<group>"; };
		AAE20A241CF23238001A0278 /* p213001.mp3 */ = {isa = PBXFileReference; lastKnownFileType = audio.mp3; path = p213001.mp3; sourceTree = "<group>"; };
		AAE20A251CF23238001A0278 /* p213002.mp3 */ = {isa = PBXFileReference; lastKnownFileType = audio.mp3; path = p213002.mp3; sourceTree = "<group>"; };
		AAE20A261CF23238001A0278 /* p213003.mp3 */ = {isa = PBXFileReference; lastKnownFileType = audio.mp3; path = p213003.mp3; sourceTree = "<group>"; };
		AAE20A271CF23238001A0278 /* p213004.mp3 */ = {isa = PBXFileReference; lastKnownFileType = audio.mp3; path = p213004.mp3; sourceTree = "<group>"; };
		AAE20A281CF23238001A0278 /* p213005.mp3 */ = {isa = PBXFileReference; lastKnownFileType = audio.mp3; path = p213005.mp3; sourceTree = "<group>"; };
		AAE20A291CF23238001A0278 /* p213006.mp3 */ = {isa = PBXFileReference; lastKnownFileType = audio.mp3; path = p213006.mp3; sourceTree = "<group>"; };
		AAE20A2A1CF23238001A0278 /* p213007.mp3 */ = {isa = PBXFileReference; lastKnownFileType = audio.mp3; path = p213007.mp3; sourceTree = "<group>"; };
		AAE20A2B1CF23238001A0278 /* p213008.mp3 */ = {isa = PBXFileReference; lastKnownFileType = audio.mp3; path = p213008.mp3; sourceTree = "<group>"; };
		AAE20A2C1CF23238001A0278 /* p213009.mp3 */ = {isa = PBXFileReference; lastKnownFileType = audio.mp3; path = p213009.mp3; sourceTree = "<group>"; };
		AAE20A2D1CF23238001A0278 /* P213010.mp3 */ = {isa = PBXFileReference; lastKnownFileType = audio.mp3; path = P213010.mp3; sourceTree = "<group>"; };
		AAE20A2E1CF23238001A0278 /* p213011.mp3 */ = {isa = PBXFileReference; lastKnownFileType = audio.mp3; path = p213011.mp3; sourceTree = "<group>"; };
		AAE20A2F1CF23238001A0278 /* p213012.mp3 */ = {isa = PBXFileReference; lastKnownFileType = audio.mp3; path = p213012.mp3; sourceTree = "<group>"; };
		AAE20A301CF23238001A0278 /* p213013.mp3 */ = {isa = PBXFileReference; lastKnownFileType = audio.mp3; path = p213013.mp3; sourceTree = "<group>"; };
		AAE20A311CF23238001A0278 /* p213014.mp3 */ = {isa = PBXFileReference; lastKnownFileType = audio.mp3; path = p213014.mp3; sourceTree = "<group>"; };
		AAE20A321CF23238001A0278 /* p213015.mp3 */ = {isa = PBXFileReference; lastKnownFileType = audio.mp3; path = p213015.mp3; sourceTree = "<group>"; };
		AAE20A331CF23238001A0278 /* p213016.mp3 */ = {isa = PBXFileReference; lastKnownFileType = audio.mp3; path = p213016.mp3; sourceTree = "<group>"; };
		AAE20A341CF23238001A0278 /* p213017.mp3 */ = {isa = PBXFileReference; lastKnownFileType = audio.mp3; path = p213017.mp3; sourceTree = "<group>"; };
		AAE20A351CF23238001A0278 /* p213018.mp3 */ = {isa = PBXFileReference; lastKnownFileType = audio.mp3; path = p213018.mp3; sourceTree = "<group>"; };
		AAE20A361CF23238001A0278 /* p213019.mp3 */ = {isa = PBXFileReference; lastKnownFileType = audio.mp3; path = p213019.mp3; sourceTree = "<group>"; };
		AAE20A371CF23238001A0278 /* p213020.mp3 */ = {isa = PBXFileReference; lastKnownFileType = audio.mp3; path = p213020.mp3; sourceTree = "<group>"; };
		AAE20A381CF23238001A0278 /* p213021.mp3 */ = {isa = PBXFileReference; lastKnownFileType = audio.mp3; path = p213021.mp3; sourceTree = "<group>"; };
		AAE20A391CF23238001A0278 /* p213022.mp3 */ = {isa = PBXFileReference; lastKnownFileType = audio.mp3; path = p213022.mp3; sourceTree = "<group>"; };
		AAE20A3A1CF23238001A0278 /* p213023.mp3 */ = {isa = PBXFileReference; lastKnownFileType = audio.mp3; path = p213023.mp3; sourceTree = "<group>"; };
		AAE20A3B1CF23238001A0278 /* p213024.mp3 */ = {isa = PBXFileReference; lastKnownFileType = audio.mp3; path = p213024.mp3; sourceTree = "<group>"; };
		AAE20A3C1CF23238001A0278 /* p213025.mp3 */ = {isa = PBXFileReference; lastKnownFileType = audio.mp3; path = p213025.mp3; sourceTree = "<group>"; };
		AAE20A3D1CF23238001A0278 /* P213026.mp3 */ = {isa = PBXFileReference; lastKnownFileType = audio.mp3; path = P213026.mp3; sourceTree = "<group>"; };
		AAE20A3E1CF23238001A0278 /* p213028.mp3 */ = {isa = PBXFileReference; lastKnownFileType = audio.mp3; path = p213028.mp3; sourceTree = "<group>"; };
		AAE20A8D1CF2F755001A0278 /* ep196801.mp3 */ = {isa = PBXFileReference; lastKnownFileType = audio.mp3; path = ep196801.mp3; sourceTree = "<group>"; };
		B01FE2B41C9048F28ECCD37E /* libRNVectorIcons.a */ = {isa = PBXFileReference; explicitFileType = undefined; fileEncoding = 9; includeInIndex = 0; lastKnownFileType = archive.ar; path = libRNVectorIcons.a; sourceTree = "<group>"; };
		B565A6833A504340BE41A95D /* Entypo.ttf */ = {isa = PBXFileReference; explicitFileType = undefined; fileEncoding = 9; includeInIndex = 0; lastKnownFileType = unknown; name = Entypo.ttf; path = "../node_modules/react-native-vector-icons/Fonts/Entypo.ttf"; sourceTree = "<group>"; };
		B5DA25FE80B2472D9CCDE5ED /* Octicons.ttf */ = {isa = PBXFileReference; explicitFileType = undefined; fileEncoding = 9; includeInIndex = 0; lastKnownFileType = unknown; name = Octicons.ttf; path = "../node_modules/react-native-vector-icons/Fonts/Octicons.ttf"; sourceTree = "<group>"; };
		C0C6F84E66DE4233AD76FACA /* libRNAdMobManager.a */ = {isa = PBXFileReference; explicitFileType = undefined; fileEncoding = 9; includeInIndex = 0; lastKnownFileType = archive.ar; path = libRNAdMobManager.a; sourceTree = "<group>"; };
		D2E481F5E720487EA91D28D3 /* RNSound.xcodeproj */ = {isa = PBXFileReference; explicitFileType = undefined; fileEncoding = 9; includeInIndex = 0; lastKnownFileType = "wrapper.pb-project"; name = RNSound.xcodeproj; path = "../node_modules/react-native-sound/RNSound.xcodeproj"; sourceTree = "<group>"; };
		F037624A3FCF4323AFD92DA2 /* EvilIcons.ttf */ = {isa = PBXFileReference; explicitFileType = undefined; fileEncoding = 9; includeInIndex = 0; lastKnownFileType = unknown; name = EvilIcons.ttf; path = "../node_modules/react-native-vector-icons/Fonts/EvilIcons.ttf"; sourceTree = "<group>"; };
		F682D656E4A345D0ADE39303 /* libRNSound.a */ = {isa = PBXFileReference; explicitFileType = undefined; fileEncoding = 9; includeInIndex = 0; lastKnownFileType = archive.ar; path = libRNSound.a; sourceTree = "<group>"; };
		FB27B2497E504221BCE0A41D /* libSpeechSynthesizer.a */ = {isa = PBXFileReference; explicitFileType = undefined; fileEncoding = 9; includeInIndex = 0; lastKnownFileType = archive.ar; path = libSpeechSynthesizer.a; sourceTree = "<group>"; };
		FFB7CEC3C73044A5BAAB8AF6 /* RNShare.xcodeproj */ = {isa = PBXFileReference; explicitFileType = undefined; fileEncoding = 9; includeInIndex = 0; lastKnownFileType = "wrapper.pb-project"; name = RNShare.xcodeproj; path = "../node_modules/react-native-share/ios/RNShare.xcodeproj"; sourceTree = "<group>"; };
/* End PBXFileReference section */

/* Begin PBXFrameworksBuildPhase section */
		00E356EB1AD99517003FC87E /* Frameworks */ = {
			isa = PBXFrameworksBuildPhase;
			buildActionMask = 2147483647;
			files = (
			);
			runOnlyForDeploymentPostprocessing = 0;
		};
		13B07F8C1A680F5B00A75B9A /* Frameworks */ = {
			isa = PBXFrameworksBuildPhase;
			buildActionMask = 2147483647;
			files = (
				AAE2086A1CF21028001A0278 /* libsqlite3.0.tbd in Frameworks */,
				AAE208681CF2101B001A0278 /* libz.tbd in Frameworks */,
				AAE208661CF21008001A0278 /* SystemConfiguration.framework in Frameworks */,
				AAE208641CF20FFB001A0278 /* CoreData.framework in Frameworks */,
				146834051AC3E58100842450 /* libReact.a in Frameworks */,
				00C302E51ABCBA2D00DB3ED1 /* libRCTActionSheet.a in Frameworks */,
				00C302E71ABCBA2D00DB3ED1 /* libRCTGeolocation.a in Frameworks */,
				00C302E81ABCBA2D00DB3ED1 /* libRCTImage.a in Frameworks */,
				133E29F31AD74F7200F7D852 /* libRCTLinking.a in Frameworks */,
				00C302E91ABCBA2D00DB3ED1 /* libRCTNetwork.a in Frameworks */,
				139105C61AF99C1200B5F7CC /* libRCTSettings.a in Frameworks */,
				832341BD1AAA6AB300B99B32 /* libRCTText.a in Frameworks */,
				00C302EA1ABCBA2D00DB3ED1 /* libRCTVibration.a in Frameworks */,
				139FDEF61B0652A700C62182 /* libRCTWebSocket.a in Frameworks */,
				F1AEB5717F0B4B5AB350D746 /* libRNShare.a in Frameworks */,
				76BC9D1D8C744E0EA438FB19 /* libRNSound.a in Frameworks */,
				AAE208411CF20AED001A0278 /* GoogleMobileAds.framework in Frameworks */,
				D0B77735BD824C9AB4889DCD /* libRNVectorIcons.a in Frameworks */,
				5B38A87491A14003A5259DBC /* libRNAdMobManager.a in Frameworks */,
				8FB78CB07B12417EBC84AEBA /* libRCTGoogleAnalyticsBridge.a in Frameworks */,
				61E097461530481993DE46BD /* libSpeechSynthesizer.a in Frameworks */,
			);
			runOnlyForDeploymentPostprocessing = 0;
		};
/* End PBXFrameworksBuildPhase section */

/* Begin PBXGroup section */
		00C302A81ABCB8CE00DB3ED1 /* Products */ = {
			isa = PBXGroup;
			children = (
				00C302AC1ABCB8CE00DB3ED1 /* libRCTActionSheet.a */,
			);
			name = Products;
			sourceTree = "<group>";
		};
		00C302B61ABCB90400DB3ED1 /* Products */ = {
			isa = PBXGroup;
			children = (
				00C302BA1ABCB90400DB3ED1 /* libRCTGeolocation.a */,
			);
			name = Products;
			sourceTree = "<group>";
		};
		00C302BC1ABCB91800DB3ED1 /* Products */ = {
			isa = PBXGroup;
			children = (
				00C302C01ABCB91800DB3ED1 /* libRCTImage.a */,
			);
			name = Products;
			sourceTree = "<group>";
		};
		00C302D41ABCB9D200DB3ED1 /* Products */ = {
			isa = PBXGroup;
			children = (
				00C302DC1ABCB9D200DB3ED1 /* libRCTNetwork.a */,
			);
			name = Products;
			sourceTree = "<group>";
		};
		00C302E01ABCB9EE00DB3ED1 /* Products */ = {
			isa = PBXGroup;
			children = (
				00C302E41ABCB9EE00DB3ED1 /* libRCTVibration.a */,
			);
			name = Products;
			sourceTree = "<group>";
		};
		00E356EF1AD99517003FC87E /* VocabTests */ = {
			isa = PBXGroup;
			children = (
				00E356F21AD99517003FC87E /* VocabTests.m */,
				00E356F01AD99517003FC87E /* Supporting Files */,
			);
			path = VocabTests;
			sourceTree = "<group>";
		};
		00E356F01AD99517003FC87E /* Supporting Files */ = {
			isa = PBXGroup;
			children = (
				00E356F11AD99517003FC87E /* Info.plist */,
			);
			name = "Supporting Files";
			sourceTree = "<group>";
		};
		139105B71AF99BAD00B5F7CC /* Products */ = {
			isa = PBXGroup;
			children = (
				139105C11AF99BAD00B5F7CC /* libRCTSettings.a */,
			);
			name = Products;
			sourceTree = "<group>";
		};
		139FDEE71B06529A00C62182 /* Products */ = {
			isa = PBXGroup;
			children = (
				139FDEF41B06529B00C62182 /* libRCTWebSocket.a */,
			);
			name = Products;
			sourceTree = "<group>";
		};
		13B07FAE1A68108700A75B9A /* Vocab */ = {
			isa = PBXGroup;
			children = (
				008F07F21AC5B25A0029DE68 /* main.jsbundle */,
				13B07FAF1A68108700A75B9A /* AppDelegate.h */,
				13B07FB01A68108700A75B9A /* AppDelegate.m */,
				13B07FB51A68108700A75B9A /* Images.xcassets */,
				13B07FB61A68108700A75B9A /* Info.plist */,
				13B07FB11A68108700A75B9A /* LaunchScreen.xib */,
				13B07FB71A68108700A75B9A /* main.m */,
			);
			name = Vocab;
			sourceTree = "<group>";
		};
		146834001AC3E56700842450 /* Products */ = {
			isa = PBXGroup;
			children = (
				146834041AC3E56700842450 /* libReact.a */,
			);
			name = Products;
			sourceTree = "<group>";
		};
		78C398B11ACF4ADC00677621 /* Products */ = {
			isa = PBXGroup;
			children = (
				78C398B91ACF4ADC00677621 /* libRCTLinking.a */,
			);
			name = Products;
			sourceTree = "<group>";
		};
		832341AE1AAA6A7D00B99B32 /* Libraries */ = {
			isa = PBXGroup;
			children = (
				146833FF1AC3E56700842450 /* React.xcodeproj */,
				00C302A71ABCB8CE00DB3ED1 /* RCTActionSheet.xcodeproj */,
				00C302B51ABCB90400DB3ED1 /* RCTGeolocation.xcodeproj */,
				00C302BB1ABCB91800DB3ED1 /* RCTImage.xcodeproj */,
				78C398B01ACF4ADC00677621 /* RCTLinking.xcodeproj */,
				00C302D31ABCB9D200DB3ED1 /* RCTNetwork.xcodeproj */,
				139105B61AF99BAD00B5F7CC /* RCTSettings.xcodeproj */,
				832341B01AAA6A8300B99B32 /* RCTText.xcodeproj */,
				00C302DF1ABCB9EE00DB3ED1 /* RCTVibration.xcodeproj */,
				139FDEE61B06529A00C62182 /* RCTWebSocket.xcodeproj */,
				FFB7CEC3C73044A5BAAB8AF6 /* RNShare.xcodeproj */,
				D2E481F5E720487EA91D28D3 /* RNSound.xcodeproj */,
				353BF1EECFA342008D92847F /* RNVectorIcons.xcodeproj */,
				739EE32A298A442E9EA2E60E /* RNAdMobManager.xcodeproj */,
				1861AFE9D9F54AEDA92F3759 /* RCTGoogleAnalyticsBridge.xcodeproj */,
				A3EDE61A05934E8D998C8D90 /* SpeechSynthesizer.xcodeproj */,
			);
			name = Libraries;
			sourceTree = "<group>";
		};
		832341B11AAA6A8300B99B32 /* Products */ = {
			isa = PBXGroup;
			children = (
				832341B51AAA6A8300B99B32 /* libRCTText.a */,
			);
			name = Products;
			sourceTree = "<group>";
		};
		83CBB9F61A601CBA00E9B192 = {
			isa = PBXGroup;
			children = (
				AAE208691CF21028001A0278 /* libsqlite3.0.tbd */,
				AAE208671CF2101B001A0278 /* libz.tbd */,
				AAE208651CF21008001A0278 /* SystemConfiguration.framework */,
				AAE208631CF20FFB001A0278 /* CoreData.framework */,
				AAE208401CF20AED001A0278 /* GoogleMobileAds.framework */,
				13B07FAE1A68108700A75B9A /* Vocab */,
				832341AE1AAA6A7D00B99B32 /* Libraries */,
				00E356EF1AD99517003FC87E /* VocabTests */,
				83CBBA001A601CBA00E9B192 /* Products */,
				BE14F8D94C544B79B1E0A6F7 /* Resources */,
			);
			indentWidth = 2;
			sourceTree = "<group>";
			tabWidth = 2;
		};
		83CBBA001A601CBA00E9B192 /* Products */ = {
			isa = PBXGroup;
			children = (
				13B07F961A680F5B00A75B9A /* Vocab.app */,
				00E356EE1AD99517003FC87E /* VocabTests.xctest */,
			);
			name = Products;
			sourceTree = "<group>";
		};
		AA7E42A11CF8C1BF0012D3AA /* Products */ = {
			isa = PBXGroup;
			children = (
				AA7E42B41CF8C1BF0012D3AA /* libSpeechSynthesizer.a */,
			);
			name = Products;
			sourceTree = "<group>";
		};
		AAE207461CF1F74F001A0278 /* Products */ = {
			isa = PBXGroup;
			children = (
				AAE207541CF1F74F001A0278 /* libRNSound.a */,
			);
			name = Products;
			sourceTree = "<group>";
		};
		AAE207551CF1F74F001A0278 /* Products */ = {
			isa = PBXGroup;
			children = (
				AAE207591CF1F74F001A0278 /* libRNShare.a */,
			);
			name = Products;
			sourceTree = "<group>";
		};
		AAE2075A1CF1F74F001A0278 /* Products */ = {
			isa = PBXGroup;
			children = (
				AAE2075E1CF1F74F001A0278 /* libRNVectorIcons.a */,
			);
			name = Products;
			sourceTree = "<group>";
		};
		AAE2082C1CF20A79001A0278 /* Products */ = {
			isa = PBXGroup;
			children = (
				AAE2083A1CF20A79001A0278 /* libRNAdMobManager.a */,
			);
			name = Products;
			sourceTree = "<group>";
		};
		AAE208501CF20FE0001A0278 /* Products */ = {
			isa = PBXGroup;
			children = (
				AAE208561CF20FE0001A0278 /* libRCTGoogleAnalyticsBridge.a */,
			);
			name = Products;
			sourceTree = "<group>";
		};
		BE14F8D94C544B79B1E0A6F7 /* Resources */ = {
			isa = PBXGroup;
			children = (
				B565A6833A504340BE41A95D /* Entypo.ttf */,
				F037624A3FCF4323AFD92DA2 /* EvilIcons.ttf */,
				1FD36B549F8E47D5BF939CA9 /* FontAwesome.ttf */,
				1C9BD1FAE9D749F5AF11E920 /* Foundation.ttf */,
				43BA0F920A0240AB902AF3A7 /* Ionicons.ttf */,
				776E45F81CAE4A55BA56A290 /* MaterialIcons.ttf */,
				AAE209F31CF23238001A0278 /* e131310.mp3 */,
				AAE209F41CF23238001A0278 /* e131541.mp3 */,
				AAE209F51CF23238001A0278 /* e131754.mp3 */,
				AAE209F61CF23238001A0278 /* e131756.mp3 */,
				AAE209F71CF23238001A0278 /* e131760.mp3 */,
				AAE209F81CF23238001A0278 /* e131761.mp3 */,
				AAE209F91CF23238001A0278 /* e131762.mp3 */,
				AAE209FA1CF23238001A0278 /* e131763.mp3 */,
				AAE209FB1CF23238001A0278 /* e131764.mp3 */,
				AAE20A8D1CF2F755001A0278 /* ep196801.mp3 */,
				AAE209FC1CF23238001A0278 /* e131770.mp3 */,
				AAE209FD1CF23238001A0278 /* e131772.mp3 */,
				AAE209FE1CF23238001A0278 /* e131777.mp3 */,
				AAE209FF1CF23238001A0278 /* e131783.mp3 */,
				AAE20A001CF23238001A0278 /* e131785.mp3 */,
				AAE20A011CF23238001A0278 /* e131786.mp3 */,
				AAE20A021CF23238001A0278 /* e131787.mp3 */,
				AAE20A031CF23238001A0278 /* e131788.mp3 */,
				AAE20A041CF23238001A0278 /* e131792.mp3 */,
				AAE20A051CF23238001A0278 /* e131795.mp3 */,
				AAE20A061CF23238001A0278 /* e131796.mp3 */,
				AAE20A071CF23238001A0278 /* e131798.mp3 */,
				AAE20A081CF23238001A0278 /* e131799.mp3 */,
				AAE20A091CF23238001A0278 /* e131800.mp3 */,
				AAE20A0A1CF23238001A0278 /* e131801.mp3 */,
				AAE20A0B1CF23238001A0278 /* e131806.mp3 */,
				AAE20A0C1CF23238001A0278 /* e131809.mp3 */,
				AAE20A0D1CF23238001A0278 /* e131811.mp3 */,
				AAE20A0E1CF23238001A0278 /* ep213010.mp3 */,
				AAE20A0F1CF23238001A0278 /* ep213026.mp3 */,
				AAE20A101CF23238001A0278 /* p212981.mp3 */,
				AAE20A111CF23238001A0278 /* p212982.mp3 */,
				AAE20A121CF23238001A0278 /* p212983.mp3 */,
				AAE20A131CF23238001A0278 /* p212984.mp3 */,
				AAE20A141CF23238001A0278 /* p212985.mp3 */,
				AAE20A151CF23238001A0278 /* p212986.mp3 */,
				AAE20A161CF23238001A0278 /* p212987.mp3 */,
				AAE20A171CF23238001A0278 /* p212988.mp3 */,
				AAE20A181CF23238001A0278 /* p212989.mp3 */,
				AAE20A191CF23238001A0278 /* p212990.mp3 */,
				AAE20A1A1CF23238001A0278 /* p212991.mp3 */,
				AAE20A1B1CF23238001A0278 /* p212992.mp3 */,
				AAE20A1C1CF23238001A0278 /* p212993.mp3 */,
				AAE20A1D1CF23238001A0278 /* p212994.mp3 */,
				AAE20A1E1CF23238001A0278 /* p212995.mp3 */,
				AAE20A1F1CF23238001A0278 /* p212996.mp3 */,
				AAE20A201CF23238001A0278 /* p212997.mp3 */,
				AAE20A211CF23238001A0278 /* p212998.mp3 */,
				AAE20A221CF23238001A0278 /* p212999.mp3 */,
				AAE20A231CF23238001A0278 /* p213000.mp3 */,
				AAE20A241CF23238001A0278 /* p213001.mp3 */,
				AAE20A251CF23238001A0278 /* p213002.mp3 */,
				AAE20A261CF23238001A0278 /* p213003.mp3 */,
				AAE20A271CF23238001A0278 /* p213004.mp3 */,
				AAE20A281CF23238001A0278 /* p213005.mp3 */,
				AAE20A291CF23238001A0278 /* p213006.mp3 */,
				AAE20A2A1CF23238001A0278 /* p213007.mp3 */,
				AAE20A2B1CF23238001A0278 /* p213008.mp3 */,
				AAE20A2C1CF23238001A0278 /* p213009.mp3 */,
				AAE20A2D1CF23238001A0278 /* P213010.mp3 */,
				AAE20A2E1CF23238001A0278 /* p213011.mp3 */,
				AAE20A2F1CF23238001A0278 /* p213012.mp3 */,
				AAE20A301CF23238001A0278 /* p213013.mp3 */,
				AAE20A311CF23238001A0278 /* p213014.mp3 */,
				AAE20A321CF23238001A0278 /* p213015.mp3 */,
				AAE20A331CF23238001A0278 /* p213016.mp3 */,
				AAE20A341CF23238001A0278 /* p213017.mp3 */,
				AAE20A351CF23238001A0278 /* p213018.mp3 */,
				AAE20A361CF23238001A0278 /* p213019.mp3 */,
				AAE20A371CF23238001A0278 /* p213020.mp3 */,
				AAE20A381CF23238001A0278 /* p213021.mp3 */,
				AAE20A391CF23238001A0278 /* p213022.mp3 */,
				AAE20A3A1CF23238001A0278 /* p213023.mp3 */,
				AAE20A3B1CF23238001A0278 /* p213024.mp3 */,
				AAE20A3C1CF23238001A0278 /* p213025.mp3 */,
				AAE20A3D1CF23238001A0278 /* P213026.mp3 */,
				AAE20A3E1CF23238001A0278 /* p213028.mp3 */,
				B5DA25FE80B2472D9CCDE5ED /* Octicons.ttf */,
				A401FE531998469B9ADC8D2D /* Zocial.ttf */,
			);
			name = Resources;
			sourceTree = "<group>";
		};
/* End PBXGroup section */

/* Begin PBXNativeTarget section */
		00E356ED1AD99517003FC87E /* VocabTests */ = {
			isa = PBXNativeTarget;
			buildConfigurationList = 00E357021AD99517003FC87E /* Build configuration list for PBXNativeTarget "VocabTests" */;
			buildPhases = (
				00E356EA1AD99517003FC87E /* Sources */,
				00E356EB1AD99517003FC87E /* Frameworks */,
				00E356EC1AD99517003FC87E /* Resources */,
			);
			buildRules = (
			);
			dependencies = (
				00E356F51AD99517003FC87E /* PBXTargetDependency */,
			);
			name = VocabTests;
			productName = VocabTests;
			productReference = 00E356EE1AD99517003FC87E /* VocabTests.xctest */;
			productType = "com.apple.product-type.bundle.unit-test";
		};
		13B07F861A680F5B00A75B9A /* Vocab */ = {
			isa = PBXNativeTarget;
			buildConfigurationList = 13B07F931A680F5B00A75B9A /* Build configuration list for PBXNativeTarget "Vocab" */;
			buildPhases = (
				13B07F871A680F5B00A75B9A /* Sources */,
				13B07F8C1A680F5B00A75B9A /* Frameworks */,
				13B07F8E1A680F5B00A75B9A /* Resources */,
				00DD1BFF1BD5951E006B06BC /* Bundle React Native code and images */,
			);
			buildRules = (
			);
			dependencies = (
			);
			name = Vocab;
			productName = "Hello World";
			productReference = 13B07F961A680F5B00A75B9A /* Vocab.app */;
			productType = "com.apple.product-type.application";
		};
/* End PBXNativeTarget section */

/* Begin PBXProject section */
		83CBB9F71A601CBA00E9B192 /* Project object */ = {
			isa = PBXProject;
			attributes = {
				LastUpgradeCheck = 610;
				ORGANIZATIONNAME = Facebook;
				TargetAttributes = {
					00E356ED1AD99517003FC87E = {
						CreatedOnToolsVersion = 6.2;
						TestTargetID = 13B07F861A680F5B00A75B9A;
					};
				};
			};
			buildConfigurationList = 83CBB9FA1A601CBA00E9B192 /* Build configuration list for PBXProject "Vocab" */;
			compatibilityVersion = "Xcode 3.2";
			developmentRegion = English;
			hasScannedForEncodings = 0;
			knownRegions = (
				en,
				Base,
			);
			mainGroup = 83CBB9F61A601CBA00E9B192;
			productRefGroup = 83CBBA001A601CBA00E9B192 /* Products */;
			projectDirPath = "";
			projectReferences = (
				{
					ProductGroup = 00C302A81ABCB8CE00DB3ED1 /* Products */;
					ProjectRef = 00C302A71ABCB8CE00DB3ED1 /* RCTActionSheet.xcodeproj */;
				},
				{
					ProductGroup = 00C302B61ABCB90400DB3ED1 /* Products */;
					ProjectRef = 00C302B51ABCB90400DB3ED1 /* RCTGeolocation.xcodeproj */;
				},
				{
					ProductGroup = AAE208501CF20FE0001A0278 /* Products */;
					ProjectRef = 1861AFE9D9F54AEDA92F3759 /* RCTGoogleAnalyticsBridge.xcodeproj */;
				},
				{
					ProductGroup = 00C302BC1ABCB91800DB3ED1 /* Products */;
					ProjectRef = 00C302BB1ABCB91800DB3ED1 /* RCTImage.xcodeproj */;
				},
				{
					ProductGroup = 78C398B11ACF4ADC00677621 /* Products */;
					ProjectRef = 78C398B01ACF4ADC00677621 /* RCTLinking.xcodeproj */;
				},
				{
					ProductGroup = 00C302D41ABCB9D200DB3ED1 /* Products */;
					ProjectRef = 00C302D31ABCB9D200DB3ED1 /* RCTNetwork.xcodeproj */;
				},
				{
					ProductGroup = 139105B71AF99BAD00B5F7CC /* Products */;
					ProjectRef = 139105B61AF99BAD00B5F7CC /* RCTSettings.xcodeproj */;
				},
				{
					ProductGroup = 832341B11AAA6A8300B99B32 /* Products */;
					ProjectRef = 832341B01AAA6A8300B99B32 /* RCTText.xcodeproj */;
				},
				{
					ProductGroup = 00C302E01ABCB9EE00DB3ED1 /* Products */;
					ProjectRef = 00C302DF1ABCB9EE00DB3ED1 /* RCTVibration.xcodeproj */;
				},
				{
					ProductGroup = 139FDEE71B06529A00C62182 /* Products */;
					ProjectRef = 139FDEE61B06529A00C62182 /* RCTWebSocket.xcodeproj */;
				},
				{
					ProductGroup = 146834001AC3E56700842450 /* Products */;
					ProjectRef = 146833FF1AC3E56700842450 /* React.xcodeproj */;
				},
				{
					ProductGroup = AAE2082C1CF20A79001A0278 /* Products */;
					ProjectRef = 739EE32A298A442E9EA2E60E /* RNAdMobManager.xcodeproj */;
				},
				{
					ProductGroup = AAE207551CF1F74F001A0278 /* Products */;
					ProjectRef = FFB7CEC3C73044A5BAAB8AF6 /* RNShare.xcodeproj */;
				},
				{
					ProductGroup = AAE207461CF1F74F001A0278 /* Products */;
					ProjectRef = D2E481F5E720487EA91D28D3 /* RNSound.xcodeproj */;
				},
				{
					ProductGroup = AAE2075A1CF1F74F001A0278 /* Products */;
					ProjectRef = 353BF1EECFA342008D92847F /* RNVectorIcons.xcodeproj */;
				},
				{
					ProductGroup = AA7E42A11CF8C1BF0012D3AA /* Products */;
					ProjectRef = A3EDE61A05934E8D998C8D90 /* SpeechSynthesizer.xcodeproj */;
				},
			);
			projectRoot = "";
			targets = (
				13B07F861A680F5B00A75B9A /* Vocab */,
				00E356ED1AD99517003FC87E /* VocabTests */,
			);
		};
/* End PBXProject section */

/* Begin PBXReferenceProxy section */
		00C302AC1ABCB8CE00DB3ED1 /* libRCTActionSheet.a */ = {
			isa = PBXReferenceProxy;
			fileType = archive.ar;
			path = libRCTActionSheet.a;
			remoteRef = 00C302AB1ABCB8CE00DB3ED1 /* PBXContainerItemProxy */;
			sourceTree = BUILT_PRODUCTS_DIR;
		};
		00C302BA1ABCB90400DB3ED1 /* libRCTGeolocation.a */ = {
			isa = PBXReferenceProxy;
			fileType = archive.ar;
			path = libRCTGeolocation.a;
			remoteRef = 00C302B91ABCB90400DB3ED1 /* PBXContainerItemProxy */;
			sourceTree = BUILT_PRODUCTS_DIR;
		};
		00C302C01ABCB91800DB3ED1 /* libRCTImage.a */ = {
			isa = PBXReferenceProxy;
			fileType = archive.ar;
			path = libRCTImage.a;
			remoteRef = 00C302BF1ABCB91800DB3ED1 /* PBXContainerItemProxy */;
			sourceTree = BUILT_PRODUCTS_DIR;
		};
		00C302DC1ABCB9D200DB3ED1 /* libRCTNetwork.a */ = {
			isa = PBXReferenceProxy;
			fileType = archive.ar;
			path = libRCTNetwork.a;
			remoteRef = 00C302DB1ABCB9D200DB3ED1 /* PBXContainerItemProxy */;
			sourceTree = BUILT_PRODUCTS_DIR;
		};
		00C302E41ABCB9EE00DB3ED1 /* libRCTVibration.a */ = {
			isa = PBXReferenceProxy;
			fileType = archive.ar;
			path = libRCTVibration.a;
			remoteRef = 00C302E31ABCB9EE00DB3ED1 /* PBXContainerItemProxy */;
			sourceTree = BUILT_PRODUCTS_DIR;
		};
		139105C11AF99BAD00B5F7CC /* libRCTSettings.a */ = {
			isa = PBXReferenceProxy;
			fileType = archive.ar;
			path = libRCTSettings.a;
			remoteRef = 139105C01AF99BAD00B5F7CC /* PBXContainerItemProxy */;
			sourceTree = BUILT_PRODUCTS_DIR;
		};
		139FDEF41B06529B00C62182 /* libRCTWebSocket.a */ = {
			isa = PBXReferenceProxy;
			fileType = archive.ar;
			path = libRCTWebSocket.a;
			remoteRef = 139FDEF31B06529B00C62182 /* PBXContainerItemProxy */;
			sourceTree = BUILT_PRODUCTS_DIR;
		};
		146834041AC3E56700842450 /* libReact.a */ = {
			isa = PBXReferenceProxy;
			fileType = archive.ar;
			path = libReact.a;
			remoteRef = 146834031AC3E56700842450 /* PBXContainerItemProxy */;
			sourceTree = BUILT_PRODUCTS_DIR;
		};
		78C398B91ACF4ADC00677621 /* libRCTLinking.a */ = {
			isa = PBXReferenceProxy;
			fileType = archive.ar;
			path = libRCTLinking.a;
			remoteRef = 78C398B81ACF4ADC00677621 /* PBXContainerItemProxy */;
			sourceTree = BUILT_PRODUCTS_DIR;
		};
		832341B51AAA6A8300B99B32 /* libRCTText.a */ = {
			isa = PBXReferenceProxy;
			fileType = archive.ar;
			path = libRCTText.a;
			remoteRef = 832341B41AAA6A8300B99B32 /* PBXContainerItemProxy */;
			sourceTree = BUILT_PRODUCTS_DIR;
		};
		AA7E42B41CF8C1BF0012D3AA /* libSpeechSynthesizer.a */ = {
			isa = PBXReferenceProxy;
			fileType = archive.ar;
			path = libSpeechSynthesizer.a;
			remoteRef = AA7E42B31CF8C1BF0012D3AA /* PBXContainerItemProxy */;
			sourceTree = BUILT_PRODUCTS_DIR;
		};
		AAE207541CF1F74F001A0278 /* libRNSound.a */ = {
			isa = PBXReferenceProxy;
			fileType = archive.ar;
			path = libRNSound.a;
			remoteRef = AAE207531CF1F74F001A0278 /* PBXContainerItemProxy */;
			sourceTree = BUILT_PRODUCTS_DIR;
		};
		AAE207591CF1F74F001A0278 /* libRNShare.a */ = {
			isa = PBXReferenceProxy;
			fileType = archive.ar;
			path = libRNShare.a;
			remoteRef = AAE207581CF1F74F001A0278 /* PBXContainerItemProxy */;
			sourceTree = BUILT_PRODUCTS_DIR;
		};
		AAE2075E1CF1F74F001A0278 /* libRNVectorIcons.a */ = {
			isa = PBXReferenceProxy;
			fileType = archive.ar;
			path = libRNVectorIcons.a;
			remoteRef = AAE2075D1CF1F74F001A0278 /* PBXContainerItemProxy */;
			sourceTree = BUILT_PRODUCTS_DIR;
		};
		AAE2083A1CF20A79001A0278 /* libRNAdMobManager.a */ = {
			isa = PBXReferenceProxy;
			fileType = archive.ar;
			path = libRNAdMobManager.a;
			remoteRef = AAE208391CF20A79001A0278 /* PBXContainerItemProxy */;
			sourceTree = BUILT_PRODUCTS_DIR;
		};
		AAE208561CF20FE0001A0278 /* libRCTGoogleAnalyticsBridge.a */ = {
			isa = PBXReferenceProxy;
			fileType = archive.ar;
			path = libRCTGoogleAnalyticsBridge.a;
			remoteRef = AAE208551CF20FE0001A0278 /* PBXContainerItemProxy */;
			sourceTree = BUILT_PRODUCTS_DIR;
		};
/* End PBXReferenceProxy section */

/* Begin PBXResourcesBuildPhase section */
		00E356EC1AD99517003FC87E /* Resources */ = {
			isa = PBXResourcesBuildPhase;
			buildActionMask = 2147483647;
			files = (
			);
			runOnlyForDeploymentPostprocessing = 0;
		};
		13B07F8E1A680F5B00A75B9A /* Resources */ = {
			isa = PBXResourcesBuildPhase;
			buildActionMask = 2147483647;
			files = (
				AAE20A601CF23238001A0278 /* p212985.mp3 in Resources */,
				AAE20A581CF23238001A0278 /* e131809.mp3 in Resources */,
				AAE20A841CF23238001A0278 /* p213021.mp3 in Resources */,
				AAE20A721CF23238001A0278 /* p213003.mp3 in Resources */,
				AAE20A861CF23238001A0278 /* p213023.mp3 in Resources */,
				13B07FBF1A68108700A75B9A /* Images.xcassets in Resources */,
				AAE20A4D1CF23238001A0278 /* e131786.mp3 in Resources */,
				AAE20A471CF23238001A0278 /* e131764.mp3 in Resources */,
				AAE20A6E1CF23238001A0278 /* p212999.mp3 in Resources */,
				AAE20A801CF23238001A0278 /* p213017.mp3 in Resources */,
				AAE20A5B1CF23238001A0278 /* ep213026.mp3 in Resources */,
				AAE20A4F1CF23238001A0278 /* e131788.mp3 in Resources */,
				AAE20A441CF23238001A0278 /* e131761.mp3 in Resources */,
				AAE20A501CF23238001A0278 /* e131792.mp3 in Resources */,
				AAE20A491CF23238001A0278 /* e131772.mp3 in Resources */,
				AAE20A781CF23238001A0278 /* p213009.mp3 in Resources */,
				AAE20A621CF23238001A0278 /* p212987.mp3 in Resources */,
				AAE20A5D1CF23238001A0278 /* p212982.mp3 in Resources */,
				AAE20A6B1CF23238001A0278 /* p212996.mp3 in Resources */,
				AAE20A4A1CF23238001A0278 /* e131777.mp3 in Resources */,
				AAE20A451CF23238001A0278 /* e131762.mp3 in Resources */,
				AAE20A701CF23238001A0278 /* p213001.mp3 in Resources */,
				AAE20A551CF23238001A0278 /* e131800.mp3 in Resources */,
				AAE20A521CF23238001A0278 /* e131796.mp3 in Resources */,
				AAE20A7E1CF23238001A0278 /* p213015.mp3 in Resources */,
				AAE20A4E1CF23238001A0278 /* e131787.mp3 in Resources */,
				AAE20A461CF23238001A0278 /* e131763.mp3 in Resources */,
				AAE20A6D1CF23238001A0278 /* p212998.mp3 in Resources */,
				AAE20A771CF23238001A0278 /* p213008.mp3 in Resources */,
				AAE20A571CF23238001A0278 /* e131806.mp3 in Resources */,
				AAE20A541CF23238001A0278 /* e131799.mp3 in Resources */,
				AAE20A611CF23238001A0278 /* p212986.mp3 in Resources */,
				13B07FBD1A68108700A75B9A /* LaunchScreen.xib in Resources */,
				AAE20A671CF23238001A0278 /* p212992.mp3 in Resources */,
				AAE20A731CF23238001A0278 /* p213004.mp3 in Resources */,
				AAE20A681CF23238001A0278 /* p212993.mp3 in Resources */,
				AAE20A6F1CF23238001A0278 /* p213000.mp3 in Resources */,
				B30E146B3C6A4A30A7C57E2F /* Entypo.ttf in Resources */,
				7048A5EE8CE04CCFBE54F68B /* EvilIcons.ttf in Resources */,
				AAE20A531CF23238001A0278 /* e131798.mp3 in Resources */,
				AAE20A651CF23238001A0278 /* p212990.mp3 in Resources */,
				AAE20A851CF23238001A0278 /* p213022.mp3 in Resources */,
				AAE20A4B1CF23238001A0278 /* e131783.mp3 in Resources */,
				AAE20A741CF23238001A0278 /* p213005.mp3 in Resources */,
				ACC8C5A229164ECDBD5E47A3 /* FontAwesome.ttf in Resources */,
				AAE20A871CF23238001A0278 /* p213024.mp3 in Resources */,
				AAE20A791CF23238001A0278 /* P213010.mp3 in Resources */,
				AAE20A821CF23238001A0278 /* p213019.mp3 in Resources */,
				AAE20A891CF23238001A0278 /* P213026.mp3 in Resources */,
				AAE20A8A1CF23238001A0278 /* p213028.mp3 in Resources */,
				AAE20A481CF23238001A0278 /* e131770.mp3 in Resources */,
				AAE20A5C1CF23238001A0278 /* p212981.mp3 in Resources */,
				AAE20A7C1CF23238001A0278 /* p213013.mp3 in Resources */,
				A7D1848DF0F8404B82EE02ED /* Foundation.ttf in Resources */,
				AAE20A511CF23238001A0278 /* e131795.mp3 in Resources */,
				AAE20A431CF23238001A0278 /* e131760.mp3 in Resources */,
				AAE20A4C1CF23238001A0278 /* e131785.mp3 in Resources */,
				AAE20A711CF23238001A0278 /* p213002.mp3 in Resources */,
				AAE20A591CF23238001A0278 /* e131811.mp3 in Resources */,
				AAE20A761CF23238001A0278 /* p213007.mp3 in Resources */,
				AAE20A5F1CF23238001A0278 /* p212984.mp3 in Resources */,
				AAE20A6C1CF23238001A0278 /* p212997.mp3 in Resources */,
				AAE20A631CF23238001A0278 /* p212988.mp3 in Resources */,
				AAE20A661CF23238001A0278 /* p212991.mp3 in Resources */,
				773E3B0DF61E43CC97AC011D /* Ionicons.ttf in Resources */,
				AAE20A3F1CF23238001A0278 /* e131310.mp3 in Resources */,
				AAE20A8E1CF2F755001A0278 /* ep196801.mp3 in Resources */,
				AAE20A411CF23238001A0278 /* e131754.mp3 in Resources */,
				AAE20A6A1CF23238001A0278 /* p212995.mp3 in Resources */,
				C19310EBAFCB4600B84F2A80 /* MaterialIcons.ttf in Resources */,
				AAE20A641CF23238001A0278 /* p212989.mp3 in Resources */,
				AAE20A751CF23238001A0278 /* p213006.mp3 in Resources */,
				AAE20A401CF23238001A0278 /* e131541.mp3 in Resources */,
				AAE20A7F1CF23238001A0278 /* p213016.mp3 in Resources */,
				AD1C696010CB4269BADD3BF1 /* Octicons.ttf in Resources */,
				AAE20A7B1CF23238001A0278 /* p213012.mp3 in Resources */,
				EDB5455150454B05BEDDBBF2 /* Zocial.ttf in Resources */,
				AAE20A811CF23238001A0278 /* p213018.mp3 in Resources */,
				AAE20A561CF23238001A0278 /* e131801.mp3 in Resources */,
				AAE20A5A1CF23238001A0278 /* ep213010.mp3 in Resources */,
				AAE20A831CF23238001A0278 /* p213020.mp3 in Resources */,
				AAE20A5E1CF23238001A0278 /* p212983.mp3 in Resources */,
				AAE20A691CF23238001A0278 /* p212994.mp3 in Resources */,
				AAE20A7D1CF23238001A0278 /* p213014.mp3 in Resources */,
				AAE20A421CF23238001A0278 /* e131756.mp3 in Resources */,
				AAE20A881CF23238001A0278 /* p213025.mp3 in Resources */,
				AAE20A7A1CF23238001A0278 /* p213011.mp3 in Resources */,
			);
			runOnlyForDeploymentPostprocessing = 0;
		};
/* End PBXResourcesBuildPhase section */

/* Begin PBXShellScriptBuildPhase section */
		00DD1BFF1BD5951E006B06BC /* Bundle React Native code and images */ = {
			isa = PBXShellScriptBuildPhase;
			buildActionMask = 2147483647;
			files = (
			);
			inputPaths = (
			);
			name = "Bundle React Native code and images";
			outputPaths = (
			);
			runOnlyForDeploymentPostprocessing = 0;
			shellPath = /bin/sh;
			shellScript = "export NODE_BINARY=node\n../node_modules/react-native/packager/react-native-xcode.sh";
		};
/* End PBXShellScriptBuildPhase section */

/* Begin PBXSourcesBuildPhase section */
		00E356EA1AD99517003FC87E /* Sources */ = {
			isa = PBXSourcesBuildPhase;
			buildActionMask = 2147483647;
			files = (
				00E356F31AD99517003FC87E /* VocabTests.m in Sources */,
			);
			runOnlyForDeploymentPostprocessing = 0;
		};
		13B07F871A680F5B00A75B9A /* Sources */ = {
			isa = PBXSourcesBuildPhase;
			buildActionMask = 2147483647;
			files = (
				13B07FBC1A68108700A75B9A /* AppDelegate.m in Sources */,
				13B07FC11A68108700A75B9A /* main.m in Sources */,
			);
			runOnlyForDeploymentPostprocessing = 0;
		};
/* End PBXSourcesBuildPhase section */

/* Begin PBXTargetDependency section */
		00E356F51AD99517003FC87E /* PBXTargetDependency */ = {
			isa = PBXTargetDependency;
			target = 13B07F861A680F5B00A75B9A /* Vocab */;
			targetProxy = 00E356F41AD99517003FC87E /* PBXContainerItemProxy */;
		};
/* End PBXTargetDependency section */

/* Begin PBXVariantGroup section */
		13B07FB11A68108700A75B9A /* LaunchScreen.xib */ = {
			isa = PBXVariantGroup;
			children = (
				13B07FB21A68108700A75B9A /* Base */,
			);
			name = LaunchScreen.xib;
			path = Vocab;
			sourceTree = "<group>";
		};
/* End PBXVariantGroup section */

/* Begin XCBuildConfiguration section */
		00E356F61AD99517003FC87E /* Debug */ = {
			isa = XCBuildConfiguration;
			buildSettings = {
				BUNDLE_LOADER = "$(TEST_HOST)";
				GCC_PREPROCESSOR_DEFINITIONS = (
					"DEBUG=1",
					"$(inherited)",
				);
				INFOPLIST_FILE = VocabTests/Info.plist;
				IPHONEOS_DEPLOYMENT_TARGET = 8.2;
				LD_RUNPATH_SEARCH_PATHS = "$(inherited) @executable_path/Frameworks @loader_path/Frameworks";
				LIBRARY_SEARCH_PATHS = (
					"$(inherited)",
					"\"$(SRCROOT)/$(TARGET_NAME)\"",
					"\"$(SRCROOT)/$(TARGET_NAME)\"",
					"\"$(SRCROOT)/$(TARGET_NAME)\"",
					"\"$(SRCROOT)/$(TARGET_NAME)\"",
					"\"$(SRCROOT)/$(TARGET_NAME)\"",
					"\"$(SRCROOT)/$(TARGET_NAME)\"",
				);
				PRODUCT_NAME = "$(TARGET_NAME)";
				TEST_HOST = "$(BUILT_PRODUCTS_DIR)/Vocab.app/Vocab";
			};
			name = Debug;
		};
		00E356F71AD99517003FC87E /* Release */ = {
			isa = XCBuildConfiguration;
			buildSettings = {
				BUNDLE_LOADER = "$(TEST_HOST)";
				COPY_PHASE_STRIP = NO;
				INFOPLIST_FILE = VocabTests/Info.plist;
				IPHONEOS_DEPLOYMENT_TARGET = 8.2;
				LD_RUNPATH_SEARCH_PATHS = "$(inherited) @executable_path/Frameworks @loader_path/Frameworks";
				LIBRARY_SEARCH_PATHS = (
					"$(inherited)",
					"\"$(SRCROOT)/$(TARGET_NAME)\"",
					"\"$(SRCROOT)/$(TARGET_NAME)\"",
					"\"$(SRCROOT)/$(TARGET_NAME)\"",
					"\"$(SRCROOT)/$(TARGET_NAME)\"",
					"\"$(SRCROOT)/$(TARGET_NAME)\"",
					"\"$(SRCROOT)/$(TARGET_NAME)\"",
				);
				PRODUCT_NAME = "$(TARGET_NAME)";
				TEST_HOST = "$(BUILT_PRODUCTS_DIR)/Vocab.app/Vocab";
			};
			name = Release;
		};
		13B07F941A680F5B00A75B9A /* Debug */ = {
			isa = XCBuildConfiguration;
			buildSettings = {
				ASSETCATALOG_COMPILER_APPICON_NAME = AppIcon;
				DEAD_CODE_STRIPPING = NO;
				FRAMEWORK_SEARCH_PATHS = (
					"$(inherited)",
					"$(PROJECT_DIR)",
				);
				HEADER_SEARCH_PATHS = (
					"$(inherited)",
					/Applications/Xcode.app/Contents/Developer/Toolchains/XcodeDefault.xctoolchain/usr/include,
					"$(SRCROOT)/../node_modules/react-native/React/**",
					"$(SRCROOT)/../node_modules/react-native-share/ios",
					"$(SRCROOT)/../node_modules/react-native-sound/RNSound",
					"$(SRCROOT)/../node_modules/react-native-vector-icons/RNVectorIconsManager",
					"$(SRCROOT)/../node_modules/react-native-admob/ios",
					"$(SRCROOT)/../node_modules/react-native-google-analytics-bridge/ios/RCTGoogleAnalyticsBridge/**",
					"$(SRCROOT)/../node_modules/react-native-speech",
				);
				INFOPLIST_FILE = Vocab/Info.plist;
				LD_RUNPATH_SEARCH_PATHS = "$(inherited) @executable_path/Frameworks";
				OTHER_LDFLAGS = (
					"-ObjC",
					"-lc++",
				);
				PRODUCT_NAME = Vocab;
			};
			name = Debug;
		};
		13B07F951A680F5B00A75B9A /* Release */ = {
			isa = XCBuildConfiguration;
			buildSettings = {
				ASSETCATALOG_COMPILER_APPICON_NAME = AppIcon;
				FRAMEWORK_SEARCH_PATHS = (
					"$(inherited)",
					"$(PROJECT_DIR)",
				);
				HEADER_SEARCH_PATHS = (
					"$(inherited)",
					/Applications/Xcode.app/Contents/Developer/Toolchains/XcodeDefault.xctoolchain/usr/include,
					"$(SRCROOT)/../node_modules/react-native/React/**",
					"$(SRCROOT)/../node_modules/react-native-share/ios",
					"$(SRCROOT)/../node_modules/react-native-sound/RNSound",
					"$(SRCROOT)/../node_modules/react-native-vector-icons/RNVectorIconsManager",
					"$(SRCROOT)/../node_modules/react-native-admob/ios",
					"$(SRCROOT)/../node_modules/react-native-google-analytics-bridge/ios/RCTGoogleAnalyticsBridge/**",
					"$(SRCROOT)/../node_modules/react-native-speech",
				);
				INFOPLIST_FILE = Vocab/Info.plist;
				LD_RUNPATH_SEARCH_PATHS = "$(inherited) @executable_path/Frameworks";
				OTHER_LDFLAGS = (
					"-ObjC",
					"-lc++",
				);
				PRODUCT_NAME = Vocab;
			};
			name = Release;
		};
		83CBBA201A601CBA00E9B192 /* Debug */ = {
			isa = XCBuildConfiguration;
			buildSettings = {
				ALWAYS_SEARCH_USER_PATHS = NO;
				CLANG_CXX_LANGUAGE_STANDARD = "gnu++0x";
				CLANG_CXX_LIBRARY = "libc++";
				CLANG_ENABLE_MODULES = YES;
				CLANG_ENABLE_OBJC_ARC = YES;
				CLANG_WARN_BOOL_CONVERSION = YES;
				CLANG_WARN_CONSTANT_CONVERSION = YES;
				CLANG_WARN_DIRECT_OBJC_ISA_USAGE = YES_ERROR;
				CLANG_WARN_EMPTY_BODY = YES;
				CLANG_WARN_ENUM_CONVERSION = YES;
				CLANG_WARN_INT_CONVERSION = YES;
				CLANG_WARN_OBJC_ROOT_CLASS = YES_ERROR;
				CLANG_WARN_UNREACHABLE_CODE = YES;
				CLANG_WARN__DUPLICATE_METHOD_MATCH = YES;
				"CODE_SIGN_IDENTITY[sdk=iphoneos*]" = "iPhone Developer";
				COPY_PHASE_STRIP = NO;
				ENABLE_STRICT_OBJC_MSGSEND = YES;
				GCC_C_LANGUAGE_STANDARD = gnu99;
				GCC_DYNAMIC_NO_PIC = NO;
				GCC_OPTIMIZATION_LEVEL = 0;
				GCC_PREPROCESSOR_DEFINITIONS = (
					"DEBUG=1",
					"$(inherited)",
				);
				GCC_SYMBOLS_PRIVATE_EXTERN = NO;
				GCC_WARN_64_TO_32_BIT_CONVERSION = YES;
				GCC_WARN_ABOUT_RETURN_TYPE = YES_ERROR;
				GCC_WARN_UNDECLARED_SELECTOR = YES;
				GCC_WARN_UNINITIALIZED_AUTOS = YES_AGGRESSIVE;
				GCC_WARN_UNUSED_FUNCTION = YES;
				GCC_WARN_UNUSED_VARIABLE = YES;
				HEADER_SEARCH_PATHS = (
					"$(inherited)",
					/Applications/Xcode.app/Contents/Developer/Toolchains/XcodeDefault.xctoolchain/usr/include,
					"$(SRCROOT)/../node_modules/react-native/React/**",
					"$(SRCROOT)/../node_modules/react-native-share/ios",
					"$(SRCROOT)/../node_modules/react-native-sound/RNSound",
					"$(SRCROOT)/../node_modules/react-native-vector-icons/RNVectorIconsManager",
					"$(SRCROOT)/../node_modules/react-native-admob/ios",
					"$(SRCROOT)/../node_modules/react-native-google-analytics-bridge/ios/RCTGoogleAnalyticsBridge/**",
					"$(SRCROOT)/../node_modules/react-native-speech",
				);
				IPHONEOS_DEPLOYMENT_TARGET = 7.0;
				MTL_ENABLE_DEBUG_INFO = YES;
				ONLY_ACTIVE_ARCH = YES;
				SDKROOT = iphoneos;
			};
			name = Debug;
		};
		83CBBA211A601CBA00E9B192 /* Release */ = {
			isa = XCBuildConfiguration;
			buildSettings = {
				ALWAYS_SEARCH_USER_PATHS = NO;
				CLANG_CXX_LANGUAGE_STANDARD = "gnu++0x";
				CLANG_CXX_LIBRARY = "libc++";
				CLANG_ENABLE_MODULES = YES;
				CLANG_ENABLE_OBJC_ARC = YES;
				CLANG_WARN_BOOL_CONVERSION = YES;
				CLANG_WARN_CONSTANT_CONVERSION = YES;
				CLANG_WARN_DIRECT_OBJC_ISA_USAGE = YES_ERROR;
				CLANG_WARN_EMPTY_BODY = YES;
				CLANG_WARN_ENUM_CONVERSION = YES;
				CLANG_WARN_INT_CONVERSION = YES;
				CLANG_WARN_OBJC_ROOT_CLASS = YES_ERROR;
				CLANG_WARN_UNREACHABLE_CODE = YES;
				CLANG_WARN__DUPLICATE_METHOD_MATCH = YES;
				"CODE_SIGN_IDENTITY[sdk=iphoneos*]" = "iPhone Developer";
				COPY_PHASE_STRIP = YES;
				ENABLE_NS_ASSERTIONS = NO;
				ENABLE_STRICT_OBJC_MSGSEND = YES;
				GCC_C_LANGUAGE_STANDARD = gnu99;
				GCC_WARN_64_TO_32_BIT_CONVERSION = YES;
				GCC_WARN_ABOUT_RETURN_TYPE = YES_ERROR;
				GCC_WARN_UNDECLARED_SELECTOR = YES;
				GCC_WARN_UNINITIALIZED_AUTOS = YES_AGGRESSIVE;
				GCC_WARN_UNUSED_FUNCTION = YES;
				GCC_WARN_UNUSED_VARIABLE = YES;
				HEADER_SEARCH_PATHS = (
					"$(inherited)",
					/Applications/Xcode.app/Contents/Developer/Toolchains/XcodeDefault.xctoolchain/usr/include,
					"$(SRCROOT)/../node_modules/react-native/React/**",
					"$(SRCROOT)/../node_modules/react-native-share/ios",
					"$(SRCROOT)/../node_modules/react-native-sound/RNSound",
					"$(SRCROOT)/../node_modules/react-native-vector-icons/RNVectorIconsManager",
					"$(SRCROOT)/../node_modules/react-native-admob/ios",
					"$(SRCROOT)/../node_modules/react-native-google-analytics-bridge/ios/RCTGoogleAnalyticsBridge/**",
					"$(SRCROOT)/../node_modules/react-native-speech",
				);
				IPHONEOS_DEPLOYMENT_TARGET = 7.0;
				MTL_ENABLE_DEBUG_INFO = NO;
				SDKROOT = iphoneos;
				VALIDATE_PRODUCT = YES;
			};
			name = Release;
		};
/* End XCBuildConfiguration section */

/* Begin XCConfigurationList section */
		00E357021AD99517003FC87E /* Build configuration list for PBXNativeTarget "VocabTests" */ = {
			isa = XCConfigurationList;
			buildConfigurations = (
				00E356F61AD99517003FC87E /* Debug */,
				00E356F71AD99517003FC87E /* Release */,
			);
			defaultConfigurationIsVisible = 0;
			defaultConfigurationName = Release;
		};
		13B07F931A680F5B00A75B9A /* Build configuration list for PBXNativeTarget "Vocab" */ = {
			isa = XCConfigurationList;
			buildConfigurations = (
				13B07F941A680F5B00A75B9A /* Debug */,
				13B07F951A680F5B00A75B9A /* Release */,
			);
			defaultConfigurationIsVisible = 0;
			defaultConfigurationName = Release;
		};
		83CBB9FA1A601CBA00E9B192 /* Build configuration list for PBXProject "Vocab" */ = {
			isa = XCConfigurationList;
			buildConfigurations = (
				83CBBA201A601CBA00E9B192 /* Debug */,
				83CBBA211A601CBA00E9B192 /* Release */,
			);
			defaultConfigurationIsVisible = 0;
			defaultConfigurationName = Release;
		};
/* End XCConfigurationList section */
	};
	rootObject = 83CBB9F71A601CBA00E9B192 /* Project object */;
}
